<?xml version="1.0" encoding="utf-8"?>
<Project ToolsVersion="4.0" xmlns="http://schemas.microsoft.com/developer/msbuild/2003">
  <ItemGroup>
    <Filter Include="api">
      <UniqueIdentifier>{5F5E880B-CB67-887C-54E3-9E7CC0EB937C}</UniqueIdentifier>
    </Filter>
    <Filter Include="src">
      <UniqueIdentifier>{2DAB880B-99B4-887C-2230-9F7C8E38947C}</UniqueIdentifier>
    </Filter>
    <Filter Include="src\Vulkan">
      <UniqueIdentifier>{0DC45B36-F97B-9D83-6283-76DF4E5A3874}</UniqueIdentifier>
    </Filter>
  </ItemGroup>
  <ItemGroup>
    <ClInclude Include="api\IRHIBuffer.hpp">
      <Filter>api</Filter>
    </ClInclude>
    <ClInclude Include="api\IRHICommandList.hpp">
      <Filter>api</Filter>
    </ClInclude>
    <ClInclude Include="api\IRHIDescriptor.hpp">
      <Filter>api</Filter>
    </ClInclude>
    <ClInclude Include="api\IRHIDevice.hpp">
      <Filter>api</Filter>
    </ClInclude>
    <ClInclude Include="api\IRHIFramebuffer.hpp">
      <Filter>api</Filter>
    </ClInclude>
    <ClInclude Include="api\IRHIPipeline.hpp">
      <Filter>api</Filter>
    </ClInclude>
    <ClInclude Include="api\IRHIRenderPass.hpp">
      <Filter>api</Filter>
    </ClInclude>
    <ClInclude Include="api\IRHISampler.hpp">
      <Filter>api</Filter>
    </ClInclude>
    <ClInclude Include="api\IRHIShader.hpp">
      <Filter>api</Filter>
    </ClInclude>
    <ClInclude Include="api\IRHISwapchain.hpp">
      <Filter>api</Filter>
    </ClInclude>
    <ClInclude Include="api\IRHISyncPrimitive.hpp">
      <Filter>api</Filter>
    </ClInclude>
    <ClInclude Include="api\IRHITexture.hpp">
      <Filter>api</Filter>
    </ClInclude>
    <ClInclude Include="api\RHI.hpp">
      <Filter>api</Filter>
    </ClInclude>
    <ClInclude Include="api\RHITypes.hpp">
      <Filter>api</Filter>
    </ClInclude>
    <ClInclude Include="src\Vulkan\VulkanBuffer.hpp">
      <Filter>src\Vulkan</Filter>
    </ClInclude>
    <ClInclude Include="src\Vulkan\VulkanCommandList.hpp">
      <Filter>src\Vulkan</Filter>
    </ClInclude>
    <ClInclude Include="src\Vulkan\VulkanDescriptor.hpp">
      <Filter>src\Vulkan</Filter>
    </ClInclude>
    <ClInclude Include="src\Vulkan\VulkanDevice.hpp">
      <Filter>src\Vulkan</Filter>
    </ClInclude>
    <ClInclude Include="src\Vulkan\VulkanFramebuffer.hpp">
      <Filter>src\Vulkan</Filter>
    </ClInclude>
    <ClInclude Include="src\Vulkan\VulkanPipeline.hpp">
      <Filter>src\Vulkan</Filter>
    </ClInclude>
    <ClInclude Include="src\Vulkan\VulkanRenderPass.hpp">
      <Filter>src\Vulkan</Filter>
    </ClInclude>
    <ClInclude Include="src\Vulkan\VulkanSampler.hpp">
      <Filter>src\Vulkan</Filter>
    </ClInclude>
    <ClInclude Include="src\Vulkan\VulkanShader.hpp">
      <Filter>src\Vulkan</Filter>
    </ClInclude>
    <ClInclude Include="src\Vulkan\VulkanSwapchain.hpp">
      <Filter>src\Vulkan</Filter>
    </ClInclude>
    <ClInclude Include="src\Vulkan\VulkanSyncPrimitive.hpp">
      <Filter>src\Vulkan</Filter>
    </ClInclude>
    <ClInclude Include="src\Vulkan\VulkanTexture.hpp">
      <Filter>src\Vulkan</Filter>
    </ClInclude>
    <ClInclude Include="src\Vulkan\VulkanTypes.hpp">
      <Filter>src\Vulkan</Filter>
    </ClInclude>
  </ItemGroup>
  <ItemGroup>
    <ClCompile Include="src\Vulkan\VulkanBuffer.cpp">
      <Filter>src\Vulkan</Filter>
    </ClCompile>
    <ClCompile Include="src\Vulkan\VulkanCommandList.cpp">
      <Filter>src\Vulkan</Filter>
    </ClCompile>
    <ClCompile Include="src\Vulkan\VulkanDescriptor.cpp">
      <Filter>src\Vulkan</Filter>
    </ClCompile>
    <ClCompile Include="src\Vulkan\VulkanDevice.cpp">
      <Filter>src\Vulkan</Filter>
    </ClCompile>
    <ClCompile Include="src\Vulkan\VulkanFramebuffer.cpp">
      <Filter>src\Vulkan</Filter>
    </ClCompile>
    <ClCompile Include="src\Vulkan\VulkanPipeline.cpp">
      <Filter>src\Vulkan</Filter>
    </ClCompile>
    <ClCompile Include="src\Vulkan\VulkanRenderPass.cpp">
      <Filter>src\Vulkan</Filter>
    </ClCompile>
    <ClCompile Include="src\Vulkan\VulkanSampler.cpp">
      <Filter>src\Vulkan</Filter>
    </ClCompile>
    <ClCompile Include="src\Vulkan\VulkanShader.cpp">
      <Filter>src\Vulkan</Filter>
    </ClCompile>
    <ClCompile Include="src\Vulkan\VulkanSwapchain.cpp">
      <Filter>src\Vulkan</Filter>
    </ClCompile>
    <ClCompile Include="src\Vulkan\VulkanSyncPrimitive.cpp">
      <Filter>src\Vulkan</Filter>
    </ClCompile>
    <ClCompile Include="src\Vulkan\VulkanTexture.cpp">
      <Filter>src\Vulkan</Filter>
    </ClCompile>
  </ItemGroup>
</Project>