<?xml version="1.0" encoding="utf-8"?>
<Project ToolsVersion="4.0" xmlns="http://schemas.microsoft.com/developer/msbuild/2003">
  <ItemGroup>
    <Filter Include="RHI">
      <UniqueIdentifier>{4819880B-B422-887C-3D9E-9E7CA9A6937C}</UniqueIdentifier>
    </Filter>
    <Filter Include="Vulkan">
      <UniqueIdentifier>{D6EAFCD8-C28C-27AF-AB47-3B039788AEFF}</UniqueIdentifier>
    </Filter>
  </ItemGroup>
  <ItemGroup>
    <ClInclude Include="RHI\IRHIBuffer.hpp">
      <Filter>RHI</Filter>
    </ClInclude>
    <ClInclude Include="RHI\IRHICommandList.hpp">
      <Filter>RHI</Filter>
    </ClInclude>
    <ClInclude Include="RHI\IRHIDescriptor.hpp">
      <Filter>RHI</Filter>
    </ClInclude>
    <ClInclude Include="RHI\IRHIDevice.hpp">
      <Filter>RHI</Filter>
    </ClInclude>
    <ClInclude Include="RHI\IRHIFramebuffer.hpp">
      <Filter>RHI</Filter>
    </ClInclude>
    <ClInclude Include="RHI\IRHIPipeline.hpp">
      <Filter>RHI</Filter>
    </ClInclude>
    <ClInclude Include="RHI\IRHIRenderPass.hpp">
      <Filter>RHI</Filter>
    </ClInclude>
    <ClInclude Include="RHI\IRHISampler.hpp">
      <Filter>RHI</Filter>
    </ClInclude>
    <ClInclude Include="RHI\IRHIShader.hpp">
      <Filter>RHI</Filter>
    </ClInclude>
    <ClInclude Include="RHI\IRHISwapchain.hpp">
      <Filter>RHI</Filter>
    </ClInclude>
    <ClInclude Include="RHI\IRHISyncPrimitive.hpp">
      <Filter>RHI</Filter>
    </ClInclude>
    <ClInclude Include="RHI\IRHITexture.hpp">
      <Filter>RHI</Filter>
    </ClInclude>
    <ClInclude Include="RHI\RHI.hpp">
      <Filter>RHI</Filter>
    </ClInclude>
    <ClInclude Include="RHI\RHITypes.hpp">
      <Filter>RHI</Filter>
    </ClInclude>
    <ClInclude Include="Vulkan\VulkanBuffer.hpp">
      <Filter>Vulkan</Filter>
    </ClInclude>
    <ClInclude Include="Vulkan\VulkanCommandList.hpp">
      <Filter>Vulkan</Filter>
    </ClInclude>
    <ClInclude Include="Vulkan\VulkanDescriptor.hpp">
      <Filter>Vulkan</Filter>
    </ClInclude>
    <ClInclude Include="Vulkan\VulkanDevice.hpp">
      <Filter>Vulkan</Filter>
    </ClInclude>
    <ClInclude Include="Vulkan\VulkanFramebuffer.hpp">
      <Filter>Vulkan</Filter>
    </ClInclude>
    <ClInclude Include="Vulkan\VulkanPipeline.hpp">
      <Filter>Vulkan</Filter>
    </ClInclude>
    <ClInclude Include="Vulkan\VulkanRenderPass.hpp">
      <Filter>Vulkan</Filter>
    </ClInclude>
    <ClInclude Include="Vulkan\VulkanSampler.hpp">
      <Filter>Vulkan</Filter>
    </ClInclude>
    <ClInclude Include="Vulkan\VulkanShader.hpp">
      <Filter>Vulkan</Filter>
    </ClInclude>
    <ClInclude Include="Vulkan\VulkanSwapchain.hpp">
      <Filter>Vulkan</Filter>
    </ClInclude>
    <ClInclude Include="Vulkan\VulkanSyncPrimitive.hpp">
      <Filter>Vulkan</Filter>
    </ClInclude>
    <ClInclude Include="Vulkan\VulkanTexture.hpp">
      <Filter>Vulkan</Filter>
    </ClInclude>
    <ClInclude Include="Vulkan\VulkanTypes.hpp">
      <Filter>Vulkan</Filter>
    </ClInclude>
  </ItemGroup>
  <ItemGroup>
    <ClCompile Include="Vulkan\VulkanBuffer.cpp">
      <Filter>Vulkan</Filter>
    </ClCompile>
    <ClCompile Include="Vulkan\VulkanCommandList.cpp">
      <Filter>Vulkan</Filter>
    </ClCompile>
    <ClCompile Include="Vulkan\VulkanDescriptor.cpp">
      <Filter>Vulkan</Filter>
    </ClCompile>
    <ClCompile Include="Vulkan\VulkanDevice.cpp">
      <Filter>Vulkan</Filter>
    </ClCompile>
    <ClCompile Include="Vulkan\VulkanFramebuffer.cpp">
      <Filter>Vulkan</Filter>
    </ClCompile>
    <ClCompile Include="Vulkan\VulkanPipeline.cpp">
      <Filter>Vulkan</Filter>
    </ClCompile>
    <ClCompile Include="Vulkan\VulkanRenderPass.cpp">
      <Filter>Vulkan</Filter>
    </ClCompile>
    <ClCompile Include="Vulkan\VulkanSampler.cpp">
      <Filter>Vulkan</Filter>
    </ClCompile>
    <ClCompile Include="Vulkan\VulkanShader.cpp">
      <Filter>Vulkan</Filter>
    </ClCompile>
    <ClCompile Include="Vulkan\VulkanSwapchain.cpp">
      <Filter>Vulkan</Filter>
    </ClCompile>
    <ClCompile Include="Vulkan\VulkanSyncPrimitive.cpp">
      <Filter>Vulkan</Filter>
    </ClCompile>
    <ClCompile Include="Vulkan\VulkanTexture.cpp">
      <Filter>Vulkan</Filter>
    </ClCompile>
  </ItemGroup>
</Project>