
Microsoft Visual Studio Solution File, Format Version 12.00
# Visual Studio Version 17
VisualStudioVersion = 17.8.34525.116
MinimumVisualStudioVersion = 10.0.40219.1
Project("{8BC9CEB8-8B4A-11D0-8D11-00A0C91BC942}") = "VulkanEngine", "VulkanEngine\VulkanEngine.vcxproj", "{8E967722-644A-4284-89BC-6B4D7B9DC40D}"
	ProjectSection(ProjectDependencies) = postProject
		{53BEB76E-39FE-4BE2-AC25-C45C4DFB24F2} = {53BEB76E-39FE-4BE2-AC25-C45C4DFB24F2}
		{8DA8E1B5-EF18-44FA-88ED-309549943DCA} = {8DA8E1B5-EF18-44FA-88ED-309549943DCA}
		{A241907E-B46E-4839-BA7B-C8874981C028} = {A241907E-B46E-4839-BA7B-C8874981C028}
		{AB6BD5F9-CB16-4548-BB32-97B8ACB99FFA} = {AB6BD5F9-CB16-4548-BB32-97B8ACB99FFA}
	EndProjectSection
EndProject
Project("{2150E333-8FDC-42A3-9474-1A3956D46DE8}") = "ThirdPart", "ThirdPart", "{3753D6A6-77BA-47B5-8B9D-1795C30F0F91}"
EndProject
Project("{8BC9CEB8-8B4A-11D0-8D11-00A0C91BC942}") = "ImGui", "ThirdParty\ImGui\ImGui.vcxproj", "{8DA8E1B5-EF18-44FA-88ED-309549943DCA}"
EndProject
Project("{8BC9CEB8-8B4A-11D0-8D11-00A0C91BC942}") = "Logger", "Logger\Logger.vcxproj", "{A241907E-B46E-4839-BA7B-C8874981C028}"
EndProject
Project("{8BC9CEB8-8B4A-11D0-8D11-00A0C91BC942}") = "ContentLoader", "ContentLoader\ContentLoader.vcxproj", "{AB6BD5F9-CB16-4548-BB32-97B8ACB99FFA}"
EndProject
Project("{8BC9CEB8-8B4A-11D0-8D11-00A0C91BC942}") = "ECS", "ECS\ECS.vcxproj", "{12F40516-3DD3-491B-B740-45BFC0E1DB67}"
EndProject
Project("{8BC9CEB8-8B4A-11D0-8D11-00A0C91BC942}") = "Scene", "Scene\Scene.vcxproj", "{53BEB76E-39FE-4BE2-AC25-C45C4DFB24F2}"
	ProjectSection(ProjectDependencies) = postProject
		{12F40516-3DD3-491B-B740-45BFC0E1DB67} = {12F40516-3DD3-491B-B740-45BFC0E1DB67}
		{A241907E-B46E-4839-BA7B-C8874981C028} = {A241907E-B46E-4839-BA7B-C8874981C028}
		{B4C90F40-E640-4C3E-A880-969E73159122} = {B4C90F40-E640-4C3E-A880-969E73159122}
	EndProjectSection
EndProject
Project("{8BC9CEB8-8B4A-11D0-8D11-00A0C91BC942}") = "tinyfiledialogs", "ThirdParty\tinyfiledialogs\tinyfiledialogs.vcxproj", "{AE31AB9F-D54F-45EB-8174-6D070240C0CC}"
EndProject
Project("{8BC9CEB8-8B4A-11D0-8D11-00A0C91BC942}") = "DialogueWindows", "DialogueWindows\DialogueWindows.vcxproj", "{B4C90F40-E640-4C3E-A880-969E73159122}"
	ProjectSection(ProjectDependencies) = postProject
		{AE31AB9F-D54F-45EB-8174-6D070240C0CC} = {AE31AB9F-D54F-45EB-8174-6D070240C0CC}
	EndProjectSection
EndProject
Project("{8BC9CEB8-8B4A-11D0-8D11-00A0C91BC942}") = "Client", "Client\Client.vcxproj", "{5D0726C2-5341-4B52-8829-1DCB67520E6B}"
	ProjectSection(ProjectDependencies) = postProject
		{8E967722-644A-4284-89BC-6B4D7B9DC40D} = {8E967722-644A-4284-89BC-6B4D7B9DC40D}
	EndProjectSection
EndProject
Global
	GlobalSection(SolutionConfigurationPlatforms) = preSolution
		Debug|x64 = Debug|x64
		Debug|x86 = Debug|x86
		Release|x64 = Release|x64
		Release|x86 = Release|x86
	EndGlobalSection
	GlobalSection(ProjectConfigurationPlatforms) = postSolution
		{8E967722-644A-4284-89BC-6B4D7B9DC40D}.Debug|x64.ActiveCfg = Debug|x64
		{8E967722-644A-4284-89BC-6B4D7B9DC40D}.Debug|x64.Build.0 = Debug|x64
		{8E967722-644A-4284-89BC-6B4D7B9DC40D}.Debug|x86.ActiveCfg = Debug|Win32
		{8E967722-644A-4284-89BC-6B4D7B9DC40D}.Debug|x86.Build.0 = Debug|Win32
		{8E967722-644A-4284-89BC-6B4D7B9DC40D}.Release|x64.ActiveCfg = Release|x64
		{8E967722-644A-4284-89BC-6B4D7B9DC40D}.Release|x64.Build.0 = Release|x64
		{8E967722-644A-4284-89BC-6B4D7B9DC40D}.Release|x86.ActiveCfg = Release|Win32
		{8E967722-644A-4284-89BC-6B4D7B9DC40D}.Release|x86.Build.0 = Release|Win32
		{8DA8E1B5-EF18-44FA-88ED-309549943DCA}.Debug|x64.ActiveCfg = Debug|x64
		{8DA8E1B5-EF18-44FA-88ED-309549943DCA}.Debug|x64.Build.0 = Debug|x64
		{8DA8E1B5-EF18-44FA-88ED-309549943DCA}.Debug|x86.ActiveCfg = Debug|Win32
		{8DA8E1B5-EF18-44FA-88ED-309549943DCA}.Debug|x86.Build.0 = Debug|Win32
		{8DA8E1B5-EF18-44FA-88ED-309549943DCA}.Release|x64.ActiveCfg = Release|x64
		{8DA8E1B5-EF18-44FA-88ED-309549943DCA}.Release|x64.Build.0 = Release|x64
		{8DA8E1B5-EF18-44FA-88ED-309549943DCA}.Release|x86.ActiveCfg = Release|Win32
		{8DA8E1B5-EF18-44FA-88ED-309549943DCA}.Release|x86.Build.0 = Release|Win32
		{A241907E-B46E-4839-BA7B-C8874981C028}.Debug|x64.ActiveCfg = Debug|x64
		{A241907E-B46E-4839-BA7B-C8874981C028}.Debug|x64.Build.0 = Debug|x64
		{A241907E-B46E-4839-BA7B-C8874981C028}.Debug|x86.ActiveCfg = Debug|Win32
		{A241907E-B46E-4839-BA7B-C8874981C028}.Debug|x86.Build.0 = Debug|Win32
		{A241907E-B46E-4839-BA7B-C8874981C028}.Release|x64.ActiveCfg = Release|x64
		{A241907E-B46E-4839-BA7B-C8874981C028}.Release|x64.Build.0 = Release|x64
		{A241907E-B46E-4839-BA7B-C8874981C028}.Release|x86.ActiveCfg = Release|Win32
		{A241907E-B46E-4839-BA7B-C8874981C028}.Release|x86.Build.0 = Release|Win32
		{AB6BD5F9-CB16-4548-BB32-97B8ACB99FFA}.Debug|x64.ActiveCfg = Debug|x64
		{AB6BD5F9-CB16-4548-BB32-97B8ACB99FFA}.Debug|x64.Build.0 = Debug|x64
		{AB6BD5F9-CB16-4548-BB32-97B8ACB99FFA}.Debug|x86.ActiveCfg = Debug|Win32
		{AB6BD5F9-CB16-4548-BB32-97B8ACB99FFA}.Debug|x86.Build.0 = Debug|Win32
		{AB6BD5F9-CB16-4548-BB32-97B8ACB99FFA}.Release|x64.ActiveCfg = Release|x64
		{AB6BD5F9-CB16-4548-BB32-97B8ACB99FFA}.Release|x64.Build.0 = Release|x64
		{AB6BD5F9-CB16-4548-BB32-97B8ACB99FFA}.Release|x86.ActiveCfg = Release|Win32
		{AB6BD5F9-CB16-4548-BB32-97B8ACB99FFA}.Release|x86.Build.0 = Release|Win32
		{12F40516-3DD3-491B-B740-45BFC0E1DB67}.Debug|x64.ActiveCfg = Debug|x64
		{12F40516-3DD3-491B-B740-45BFC0E1DB67}.Debug|x64.Build.0 = Debug|x64
		{12F40516-3DD3-491B-B740-45BFC0E1DB67}.Debug|x86.ActiveCfg = Debug|Win32
		{12F40516-3DD3-491B-B740-45BFC0E1DB67}.Debug|x86.Build.0 = Debug|Win32
		{12F40516-3DD3-491B-B740-45BFC0E1DB67}.Release|x64.ActiveCfg = Release|x64
		{12F40516-3DD3-491B-B740-45BFC0E1DB67}.Release|x64.Build.0 = Release|x64
		{12F40516-3DD3-491B-B740-45BFC0E1DB67}.Release|x86.ActiveCfg = Release|Win32
		{12F40516-3DD3-491B-B740-45BFC0E1DB67}.Release|x86.Build.0 = Release|Win32
		{53BEB76E-39FE-4BE2-AC25-C45C4DFB24F2}.Debug|x64.ActiveCfg = Debug|x64
		{53BEB76E-39FE-4BE2-AC25-C45C4DFB24F2}.Debug|x64.Build.0 = Debug|x64
		{53BEB76E-39FE-4BE2-AC25-C45C4DFB24F2}.Debug|x86.ActiveCfg = Debug|Win32
		{53BEB76E-39FE-4BE2-AC25-C45C4DFB24F2}.Debug|x86.Build.0 = Debug|Win32
		{53BEB76E-39FE-4BE2-AC25-C45C4DFB24F2}.Release|x64.ActiveCfg = Release|x64
		{53BEB76E-39FE-4BE2-AC25-C45C4DFB24F2}.Release|x64.Build.0 = Release|x64
		{53BEB76E-39FE-4BE2-AC25-C45C4DFB24F2}.Release|x86.ActiveCfg = Release|Win32
		{53BEB76E-39FE-4BE2-AC25-C45C4DFB24F2}.Release|x86.Build.0 = Release|Win32
		{AE31AB9F-D54F-45EB-8174-6D070240C0CC}.Debug|x64.ActiveCfg = Debug|x64
		{AE31AB9F-D54F-45EB-8174-6D070240C0CC}.Debug|x64.Build.0 = Debug|x64
		{AE31AB9F-D54F-45EB-8174-6D070240C0CC}.Debug|x86.ActiveCfg = Debug|Win32
		{AE31AB9F-D54F-45EB-8174-6D070240C0CC}.Debug|x86.Build.0 = Debug|Win32
		{AE31AB9F-D54F-45EB-8174-6D070240C0CC}.Release|x64.ActiveCfg = Release|x64
		{AE31AB9F-D54F-45EB-8174-6D070240C0CC}.Release|x64.Build.0 = Release|x64
		{AE31AB9F-D54F-45EB-8174-6D070240C0CC}.Release|x86.ActiveCfg = Release|Win32
		{AE31AB9F-D54F-45EB-8174-6D070240C0CC}.Release|x86.Build.0 = Release|Win32
		{B4C90F40-E640-4C3E-A880-969E73159122}.Debug|x64.ActiveCfg = Debug|x64
		{B4C90F40-E640-4C3E-A880-969E73159122}.Debug|x64.Build.0 = Debug|x64
		{B4C90F40-E640-4C3E-A880-969E73159122}.Debug|x86.ActiveCfg = Debug|Win32
		{B4C90F40-E640-4C3E-A880-969E73159122}.Debug|x86.Build.0 = Debug|Win32
		{B4C90F40-E640-4C3E-A880-969E73159122}.Release|x64.ActiveCfg = Release|x64
		{B4C90F40-E640-4C3E-A880-969E73159122}.Release|x64.Build.0 = Release|x64
		{B4C90F40-E640-4C3E-A880-969E73159122}.Release|x86.ActiveCfg = Release|Win32
		{B4C90F40-E640-4C3E-A880-969E73159122}.Release|x86.Build.0 = Release|Win32
		{5D0726C2-5341-4B52-8829-1DCB67520E6B}.Debug|x64.ActiveCfg = Debug|x64
		{5D0726C2-5341-4B52-8829-1DCB67520E6B}.Debug|x64.Build.0 = Debug|x64
		{5D0726C2-5341-4B52-8829-1DCB67520E6B}.Debug|x86.ActiveCfg = Debug|Win32
		{5D0726C2-5341-4B52-8829-1DCB67520E6B}.Debug|x86.Build.0 = Debug|Win32
		{5D0726C2-5341-4B52-8829-1DCB67520E6B}.Release|x64.ActiveCfg = Release|x64
		{5D0726C2-5341-4B52-8829-1DCB67520E6B}.Release|x64.Build.0 = Release|x64
		{5D0726C2-5341-4B52-8829-1DCB67520E6B}.Release|x86.ActiveCfg = Release|Win32
		{5D0726C2-5341-4B52-8829-1DCB67520E6B}.Release|x86.Build.0 = Release|Win32
	EndGlobalSection
	GlobalSection(SolutionProperties) = preSolution
		HideSolutionNode = FALSE
	EndGlobalSection
	GlobalSection(NestedProjects) = preSolution
		{8DA8E1B5-EF18-44FA-88ED-309549943DCA} = {3753D6A6-77BA-47B5-8B9D-1795C30F0F91}
		{AE31AB9F-D54F-45EB-8174-6D070240C0CC} = {3753D6A6-77BA-47B5-8B9D-1795C30F0F91}
	EndGlobalSection
	GlobalSection(ExtensibilityGlobals) = postSolution
		SolutionGuid = {202914B8-A49B-4AF8-81B0-A3F0C391B1EE}
	EndGlobalSection
EndGlobal
