
Microsoft Visual Studio Solution File, Format Version 12.00
# Visual Studio Version 17
VisualStudioVersion = 17.8.34525.116
MinimumVisualStudioVersion = 10.0.40219.1
Project("{8BC9CEB8-8B4A-11D0-8D11-00A0C91BC942}") = "VulkanEngine", "VulkanEngine\VulkanEngine.vcxproj", "{8E967722-644A-4284-89BC-6B4D7B9DC40D}"
EndProject
Project("{2150E333-8FDC-42A3-9474-1A3956D46DE8}") = "ThirdPart", "ThirdPart", "{3753D6A6-77BA-47B5-8B9D-1795C30F0F91}"
EndProject
Project("{8BC9CEB8-8B4A-11D0-8D11-00A0C91BC942}") = "ImGui", "ThirdParty\ImGui\ImGui.vcxproj", "{8DA8E1B5-EF18-44FA-88ED-309549943DCA}"
EndProject
Project("{8BC9CEB8-8B4A-11D0-8D11-00A0C91BC942}") = "Logger", "Logger\Logger.vcxproj", "{A241907E-B46E-4839-BA7B-C8874981C028}"
EndProject
Global
	GlobalSection(SolutionConfigurationPlatforms) = preSolution
		Debug|x64 = Debug|x64
		Debug|x86 = Debug|x86
		Release|x64 = Release|x64
		Release|x86 = Release|x86
	EndGlobalSection
	GlobalSection(ProjectConfigurationPlatforms) = postSolution
		{8E967722-644A-4284-89BC-6B4D7B9DC40D}.Debug|x64.ActiveCfg = Debug|x64
		{8E967722-644A-4284-89BC-6B4D7B9DC40D}.Debug|x64.Build.0 = Debug|x64
		{8E967722-644A-4284-89BC-6B4D7B9DC40D}.Debug|x86.ActiveCfg = Debug|Win32
		{8E967722-644A-4284-89BC-6B4D7B9DC40D}.Debug|x86.Build.0 = Debug|Win32
		{8E967722-644A-4284-89BC-6B4D7B9DC40D}.Release|x64.ActiveCfg = Release|x64
		{8E967722-644A-4284-89BC-6B4D7B9DC40D}.Release|x64.Build.0 = Release|x64
		{8E967722-644A-4284-89BC-6B4D7B9DC40D}.Release|x86.ActiveCfg = Release|Win32
		{8E967722-644A-4284-89BC-6B4D7B9DC40D}.Release|x86.Build.0 = Release|Win32
		{8DA8E1B5-EF18-44FA-88ED-309549943DCA}.Debug|x64.ActiveCfg = Debug|x64
		{8DA8E1B5-EF18-44FA-88ED-309549943DCA}.Debug|x64.Build.0 = Debug|x64
		{8DA8E1B5-EF18-44FA-88ED-309549943DCA}.Debug|x86.ActiveCfg = Debug|Win32
		{8DA8E1B5-EF18-44FA-88ED-309549943DCA}.Debug|x86.Build.0 = Debug|Win32
		{8DA8E1B5-EF18-44FA-88ED-309549943DCA}.Release|x64.ActiveCfg = Release|x64
		{8DA8E1B5-EF18-44FA-88ED-309549943DCA}.Release|x64.Build.0 = Release|x64
		{8DA8E1B5-EF18-44FA-88ED-309549943DCA}.Release|x86.ActiveCfg = Release|Win32
		{8DA8E1B5-EF18-44FA-88ED-309549943DCA}.Release|x86.Build.0 = Release|Win32
		{A241907E-B46E-4839-BA7B-C8874981C028}.Debug|x64.ActiveCfg = Debug|x64
		{A241907E-B46E-4839-BA7B-C8874981C028}.Debug|x64.Build.0 = Debug|x64
		{A241907E-B46E-4839-BA7B-C8874981C028}.Debug|x86.ActiveCfg = Debug|Win32
		{A241907E-B46E-4839-BA7B-C8874981C028}.Debug|x86.Build.0 = Debug|Win32
		{A241907E-B46E-4839-BA7B-C8874981C028}.Release|x64.ActiveCfg = Release|x64
		{A241907E-B46E-4839-BA7B-C8874981C028}.Release|x64.Build.0 = Release|x64
		{A241907E-B46E-4839-BA7B-C8874981C028}.Release|x86.ActiveCfg = Release|Win32
		{A241907E-B46E-4839-BA7B-C8874981C028}.Release|x86.Build.0 = Release|Win32
	EndGlobalSection
	GlobalSection(SolutionProperties) = preSolution
		HideSolutionNode = FALSE
	EndGlobalSection
	GlobalSection(NestedProjects) = preSolution
		{8DA8E1B5-EF18-44FA-88ED-309549943DCA} = {3753D6A6-77BA-47B5-8B9D-1795C30F0F91}
	EndGlobalSection
	GlobalSection(ExtensibilityGlobals) = postSolution
		SolutionGuid = {202914B8-A49B-4AF8-81B0-A3F0C391B1EE}
	EndGlobalSection
EndGlobal
