<?xml version="1.0" encoding="utf-8"?>
<Project ToolsVersion="4.0" xmlns="http://schemas.microsoft.com/developer/msbuild/2003">
  <ItemGroup>
    <Filter Include="Containers">
      <UniqueIdentifier>{DB5A0216-C712-4463-301A-1DBF1CF1DE53}</UniqueIdentifier>
    </Filter>
    <Filter Include="Containers\LightContainer">
      <UniqueIdentifier>{C5C361AC-3186-9536-7A36-24C3E6376E14}</UniqueIdentifier>
    </Filter>
    <Filter Include="Containers\MaterialContainer">
      <UniqueIdentifier>{BCF6C412-A8B1-B4BE-5169-2D093D03FF4E}</UniqueIdentifier>
    </Filter>
    <Filter Include="Containers\MeshContainer">
      <UniqueIdentifier>{1A8AD7EF-06AF-2670-2FFA-0B001B7E258E}</UniqueIdentifier>
    </Filter>
    <Filter Include="Containers\TextureContainer">
      <UniqueIdentifier>{5E20F91F-CA2D-2706-5314-23F1BF20F3BC}</UniqueIdentifier>
    </Filter>
    <Filter Include="Context">
      <UniqueIdentifier>{AA023234-16E2-B0CF-1FFA-3BA68B581731}</UniqueIdentifier>
    </Filter>
    <Filter Include="api">
      <UniqueIdentifier>{5F5E880B-CB67-887C-54E3-9E7CC0EB937C}</UniqueIdentifier>
    </Filter>
    <Filter Include="api\ECS">
      <UniqueIdentifier>{296A593B-9549-D8D6-9E61-63AD0AC03E38}</UniqueIdentifier>
    </Filter>
    <Filter Include="api\ECS\components">
      <UniqueIdentifier>{BE27DC4B-AA0B-9DA1-136C-97F4FF6E8723}</UniqueIdentifier>
    </Filter>
    <Filter Include="api\ECS\systems">
      <UniqueIdentifier>{507133CA-BCFC-A08E-C50D-24833118FD8E}</UniqueIdentifier>
    </Filter>
    <Filter Include="api\Frame">
      <UniqueIdentifier>{B9C08877-252B-3DEE-6E69-EE93DA121B43}</UniqueIdentifier>
    </Filter>
    <Filter Include="src">
      <UniqueIdentifier>{2DAB880B-99B4-887C-2230-9F7C8E38947C}</UniqueIdentifier>
    </Filter>
    <Filter Include="src\ECS">
      <UniqueIdentifier>{F76D2FA9-634D-AE44-6C65-391BD8C314A6}</UniqueIdentifier>
    </Filter>
    <Filter Include="src\Frame">
      <UniqueIdentifier>{07F0EEB2-735A-A329-BC98-54CF2842817E}</UniqueIdentifier>
    </Filter>
  </ItemGroup>
  <ItemGroup>
    <ClInclude Include="Containers\LightContainer\LightContainer.hpp">
      <Filter>Containers\LightContainer</Filter>
    </ClInclude>
    <ClInclude Include="Containers\MaterialContainer\MaterialContainer.hpp">
      <Filter>Containers\MaterialContainer</Filter>
    </ClInclude>
    <ClInclude Include="Containers\MaterialContainer\MaterialData.hpp">
      <Filter>Containers\MaterialContainer</Filter>
    </ClInclude>
    <ClInclude Include="Containers\MaterialContainer\MaterialSerializer.hpp">
      <Filter>Containers\MaterialContainer</Filter>
    </ClInclude>
    <ClInclude Include="Containers\MeshContainer\Mesh.hpp">
      <Filter>Containers\MeshContainer</Filter>
    </ClInclude>
    <ClInclude Include="Containers\MeshContainer\MeshContainer.hpp">
      <Filter>Containers\MeshContainer</Filter>
    </ClInclude>
    <ClInclude Include="Containers\TextureContainer\TextureContainer.hpp">
      <Filter>Containers\TextureContainer</Filter>
    </ClInclude>
    <ClInclude Include="Context\EngineContext.hpp">
      <Filter>Context</Filter>
    </ClInclude>
    <ClInclude Include="Context\FrameContext.hpp">
      <Filter>Context</Filter>
    </ClInclude>
    <ClInclude Include="Context\HedgehogEngine.hpp">
      <Filter>Context</Filter>
    </ClInclude>
    <ClInclude Include="Context\WindowContext.hpp">
      <Filter>Context</Filter>
    </ClInclude>
    <ClInclude Include="api\ECS\GameObjectHelpers.hpp">
      <Filter>api\ECS</Filter>
    </ClInclude>
    <ClInclude Include="api\ECS\SceneSerializer.hpp">
      <Filter>api\ECS</Filter>
    </ClInclude>
    <ClInclude Include="api\ECS\components\HierarchyComponent.hpp">
      <Filter>api\ECS\components</Filter>
    </ClInclude>
    <ClInclude Include="api\ECS\components\LightComponent.hpp">
      <Filter>api\ECS\components</Filter>
    </ClInclude>
    <ClInclude Include="api\ECS\components\MeshComponent.hpp">
      <Filter>api\ECS\components</Filter>
    </ClInclude>
    <ClInclude Include="api\ECS\components\RenderComponent.hpp">
      <Filter>api\ECS\components</Filter>
    </ClInclude>
    <ClInclude Include="api\ECS\components\ScriptComponent.hpp">
      <Filter>api\ECS\components</Filter>
    </ClInclude>
    <ClInclude Include="api\ECS\components\TransformComponent.hpp">
      <Filter>api\ECS\components</Filter>
    </ClInclude>
    <ClInclude Include="api\ECS\systems\HierarchySystem.hpp">
      <Filter>api\ECS\systems</Filter>
    </ClInclude>
    <ClInclude Include="api\ECS\systems\LightSystem.hpp">
      <Filter>api\ECS\systems</Filter>
    </ClInclude>
    <ClInclude Include="api\ECS\systems\LuaHelpers.hpp">
      <Filter>api\ECS\systems</Filter>
    </ClInclude>
    <ClInclude Include="api\ECS\systems\MeshSystem.hpp">
      <Filter>api\ECS\systems</Filter>
    </ClInclude>
    <ClInclude Include="api\ECS\systems\RenderSystem.hpp">
      <Filter>api\ECS\systems</Filter>
    </ClInclude>
    <ClInclude Include="api\ECS\systems\ScriptSystem.hpp">
      <Filter>api\ECS\systems</Filter>
    </ClInclude>
    <ClInclude Include="api\ECS\systems\TransformSystem.hpp">
      <Filter>api\ECS\systems</Filter>
    </ClInclude>
    <ClInclude Include="api\Frame\FrameData.hpp">
      <Filter>api\Frame</Filter>
    </ClInclude>
    <ClInclude Include="api\HedgehogEngineApi.hpp">
      <Filter>api</Filter>
    </ClInclude>
    <ClInclude Include="src\Frame\FrameDataBuilder.hpp">
      <Filter>src\Frame</Filter>
    </ClInclude>
    <ClInclude Include="src\Frame\MaterialDef.hpp">
      <Filter>src\Frame</Filter>
    </ClInclude>
  </ItemGroup>
  <ItemGroup>
    <ClCompile Include="Containers\LightContainer\LightContainer.cpp">
      <Filter>Containers\LightContainer</Filter>
    </ClCompile>
    <ClCompile Include="Containers\MaterialContainer\MaterialContainer.cpp">
      <Filter>Containers\MaterialContainer</Filter>
    </ClCompile>
    <ClCompile Include="Containers\MaterialContainer\MaterialSerializer.cpp">
      <Filter>Containers\MaterialContainer</Filter>
    </ClCompile>
    <ClCompile Include="Containers\MeshContainer\Mesh.cpp">
      <Filter>Containers\MeshContainer</Filter>
    </ClCompile>
    <ClCompile Include="Containers\MeshContainer\MeshContainer.cpp">
      <Filter>Containers\MeshContainer</Filter>
    </ClCompile>
    <ClCompile Include="Containers\TextureContainer\TextureContainer.cpp">
      <Filter>Containers\TextureContainer</Filter>
    </ClCompile>
    <ClCompile Include="Context\EngineContext.cpp">
      <Filter>Context</Filter>
    </ClCompile>
    <ClCompile Include="Context\FrameContext.cpp">
      <Filter>Context</Filter>
    </ClCompile>
    <ClCompile Include="Context\HedgehogEngine.cpp">
      <Filter>Context</Filter>
    </ClCompile>
    <ClCompile Include="Context\WindowContext.cpp">
      <Filter>Context</Filter>
    </ClCompile>
    <ClCompile Include="src\ECS\GameObjectHelpers.cpp">
      <Filter>src\ECS</Filter>
    </ClCompile>
    <ClCompile Include="src\ECS\HierarchySystem.cpp">
      <Filter>src\ECS</Filter>
    </ClCompile>
    <ClCompile Include="src\ECS\LightSystem.cpp">
      <Filter>src\ECS</Filter>
    </ClCompile>
    <ClCompile Include="src\ECS\LuaHelpers.cpp">
      <Filter>src\ECS</Filter>
    </ClCompile>
    <ClCompile Include="src\ECS\MeshSystem.cpp">
      <Filter>src\ECS</Filter>
    </ClCompile>
    <ClCompile Include="src\ECS\RenderSystem.cpp">
      <Filter>src\ECS</Filter>
    </ClCompile>
    <ClCompile Include="src\ECS\SceneSerializer.cpp">
      <Filter>src\ECS</Filter>
    </ClCompile>
    <ClCompile Include="src\ECS\ScriptSystem.cpp">
      <Filter>src\ECS</Filter>
    </ClCompile>
    <ClCompile Include="src\ECS\TransformSystem.cpp">
      <Filter>src\ECS</Filter>
    </ClCompile>
    <ClCompile Include="src\Frame\FrameDataBuilder.cpp">
      <Filter>src\Frame</Filter>
    </ClCompile>
  </ItemGroup>
</Project>