<?xml version="1.0" encoding="utf-8"?>
<Project ToolsVersion="4.0" xmlns="http://schemas.microsoft.com/developer/msbuild/2003">
  <ItemGroup>
    <ClCompile Include="Renderer\Renderer.cpp" />
    <ClCompile Include="Application.cpp">
      <Filter>Application</Filter>
    </ClCompile>
    <ClCompile Include="ContentLoader\TextureLoader.cpp">
      <Filter>ContentLoader</Filter>
    </ClCompile>
    <ClCompile Include="Logger\LogColorized.cpp">
      <Filter>Logger</Filter>
    </ClCompile>
    <ClCompile Include="main.cpp">
      <Filter>SourceFiles</Filter>
    </ClCompile>
    <ClCompile Include="Renderer\Camera\Camera.cpp">
      <Filter>Renderer\Camera</Filter>
    </ClCompile>
    <ClCompile Include="ContentLoader\CommonFunctions.cpp">
      <Filter>ContentLoader</Filter>
    </ClCompile>
    <ClCompile Include="Renderer\Descriptors\UBO.cpp">
      <Filter>Renderer\Descriptors\Types\UBO</Filter>
    </ClCompile>
    <ClCompile Include="Renderer\Descriptors\DescriptorSet.cpp">
      <Filter>Renderer\Descriptors</Filter>
    </ClCompile>
    <ClCompile Include="Renderer\Descriptors\DescriptorSetLayout.cpp">
      <Filter>Renderer\Descriptors</Filter>
    </ClCompile>
    <ClCompile Include="Renderer\Device\Device.cpp">
      <Filter>Renderer\Device</Filter>
    </ClCompile>
    <ClCompile Include="Renderer\FrameBuffer\FrameBuffers.cpp">
      <Filter>Renderer\FrameBuffers</Filter>
    </ClCompile>
    <ClCompile Include="Renderer\Commands\CommandBuffer.cpp">
      <Filter>Renderer\Commands</Filter>
    </ClCompile>
    <ClCompile Include="Renderer\Pipeline\Pipeline.cpp">
      <Filter>Renderer\Pipeline</Filter>
    </ClCompile>
    <ClCompile Include="Renderer\RenderPass\RenderPass.cpp">
      <Filter>Renderer\RenderPass</Filter>
    </ClCompile>
    <ClCompile Include="Renderer\Resources\DepthBuffer\DepthBuffer.cpp">
      <Filter>Renderer\Resources\DepthBuffer</Filter>
    </ClCompile>
    <ClCompile Include="Renderer\Resources\Mesh\Vertex.cpp">
      <Filter>Renderer\Resources\Mesh</Filter>
    </ClCompile>
    <ClCompile Include="Renderer\Resources\Mesh\Mesh.cpp">
      <Filter>Renderer\Resources\Mesh</Filter>
    </ClCompile>
    <ClCompile Include="Renderer\Resources\TextureImage\TextureImage.cpp">
      <Filter>Renderer\Resources\TextureImage</Filter>
    </ClCompile>
    <ClCompile Include="Renderer\SwapChain\SwapChain.cpp">
      <Filter>Renderer\SwapChain</Filter>
    </ClCompile>
    <ClCompile Include="Renderer\SyncObjects\SyncObjects.cpp">
      <Filter>Renderer\SyncObjects</Filter>
    </ClCompile>
    <ClCompile Include="Renderer\WindowManagment\WindowManager.cpp">
      <Filter>Renderer\WindowManager</Filter>
    </ClCompile>
    <ClCompile Include="Renderer\WindowManagment\WindowState.cpp">
      <Filter>Renderer\WindowManager</Filter>
    </ClCompile>
    <ClCompile Include="Renderer\Resources\TextureImage\TextureSampler.cpp">
      <Filter>Renderer\Resources\TextureImage</Filter>
    </ClCompile>
  </ItemGroup>
  <ItemGroup>
    <ClInclude Include="Renderer\Renderer.h" />
    <ClInclude Include="Application.h">
      <Filter>Application</Filter>
    </ClInclude>
    <ClInclude Include="ContentLoader\TextureLoader.h">
      <Filter>ContentLoader</Filter>
    </ClInclude>
    <ClInclude Include="Libraries\stb\stb_image.h">
      <Filter>ContentLoader\stb</Filter>
    </ClInclude>
    <ClInclude Include="Logger\LogColorized.h">
      <Filter>Logger</Filter>
    </ClInclude>
    <ClInclude Include="Logger\Logger.h">
      <Filter>Logger</Filter>
    </ClInclude>
    <ClInclude Include="Renderer\Camera\Camera.h">
      <Filter>Renderer\Camera</Filter>
    </ClInclude>
    <ClInclude Include="Renderer\Common\EngineDebugBreak.h">
      <Filter>Renderer\Common</Filter>
    </ClInclude>
    <ClInclude Include="Renderer\Common\RendererSettings.h">
      <Filter>Renderer\Common</Filter>
    </ClInclude>
    <ClInclude Include="ContentLoader\CommonFunctions.h">
      <Filter>ContentLoader</Filter>
    </ClInclude>
    <ClInclude Include="Renderer\Descriptors\UBO.h">
      <Filter>Renderer\Descriptors\Types\UBO</Filter>
    </ClInclude>
    <ClInclude Include="Renderer\Descriptors\UBOInfo.h">
      <Filter>Renderer\Descriptors\Types\UBO</Filter>
    </ClInclude>
    <ClInclude Include="Renderer\Descriptors\DescriptorSet.h">
      <Filter>Renderer\Descriptors</Filter>
    </ClInclude>
    <ClInclude Include="Renderer\Descriptors\DescriptorSetLayout.h">
      <Filter>Renderer\Descriptors</Filter>
    </ClInclude>
    <ClInclude Include="Renderer\Device\Device.h">
      <Filter>Renderer\Device</Filter>
    </ClInclude>
    <ClInclude Include="Renderer\FrameBuffer\FrameBuffers.h">
      <Filter>Renderer\FrameBuffers</Filter>
    </ClInclude>
    <ClInclude Include="Renderer\Commands\CommandBuffer.h">
      <Filter>Renderer\Commands</Filter>
    </ClInclude>
    <ClInclude Include="Renderer\Pipeline\Pipeline.h">
      <Filter>Renderer\Pipeline</Filter>
    </ClInclude>
    <ClInclude Include="Renderer\RenderPass\RenderPass.h">
      <Filter>Renderer\RenderPass</Filter>
    </ClInclude>
    <ClInclude Include="Renderer\Resources\DepthBuffer\DepthBuffer.h">
      <Filter>Renderer\Resources\DepthBuffer</Filter>
    </ClInclude>
    <ClInclude Include="Renderer\Resources\Mesh\Vertex.h">
      <Filter>Renderer\Resources\Mesh</Filter>
    </ClInclude>
    <ClInclude Include="Renderer\Resources\Mesh\Mesh.h">
      <Filter>Renderer\Resources\Mesh</Filter>
    </ClInclude>
    <ClInclude Include="Renderer\Resources\TextureImage\TextureImage.h">
      <Filter>Renderer\Resources\TextureImage</Filter>
    </ClInclude>
    <ClInclude Include="Renderer\SwapChain\SwapChain.h">
      <Filter>Renderer\SwapChain</Filter>
    </ClInclude>
    <ClInclude Include="Renderer\SyncObjects\SyncObjects.h">
      <Filter>Renderer\SyncObjects</Filter>
    </ClInclude>
    <ClInclude Include="Renderer\WindowManagment\Controls.h">
      <Filter>Renderer\WindowManager</Filter>
    </ClInclude>
    <ClInclude Include="Renderer\WindowManagment\WindowManager.h">
      <Filter>Renderer\WindowManager</Filter>
    </ClInclude>
    <ClInclude Include="Renderer\WindowManagment\WindowState.h">
      <Filter>Renderer\WindowManager</Filter>
    </ClInclude>
    <ClInclude Include="Renderer\Resources\TextureImage\TextureSampler.h">
      <Filter>Renderer\Resources\TextureImage</Filter>
    </ClInclude>
  </ItemGroup>
  <ItemGroup>
    <None Include="ShadersCompiler.bat">
      <Filter>Resource Files</Filter>
    </None>
    <None Include="Shaders\SimpleShader.frag">
      <Filter>Shaders</Filter>
    </None>
    <None Include="Shaders\SimpleShader.vert">
      <Filter>Shaders</Filter>
    </None>
  </ItemGroup>
  <ItemGroup>
    <Filter Include="Application">
      <UniqueIdentifier>{7a7a7411-a85a-42a7-9c77-6df39233ec5e}</UniqueIdentifier>
    </Filter>
    <Filter Include="ContentLoader">
      <UniqueIdentifier>{1288b47a-ea47-49b5-a2f8-04772cca3ff5}</UniqueIdentifier>
    </Filter>
    <Filter Include="ContentLoader\stb">
      <UniqueIdentifier>{6f7a25fb-cfe0-4d19-8a6c-8b670c1cab42}</UniqueIdentifier>
    </Filter>
    <Filter Include="Logger">
      <UniqueIdentifier>{6a95c0fe-9b1c-44e2-9900-721c2dc01b7f}</UniqueIdentifier>
    </Filter>
    <Filter Include="Renderer">
      <UniqueIdentifier>{c6d15c2a-2efe-4c60-97bf-366c53bbc55d}</UniqueIdentifier>
    </Filter>
    <Filter Include="Resource Files">
      <UniqueIdentifier>{9c12a490-8a7f-4c22-85d7-9d590b6a7c2d}</UniqueIdentifier>
    </Filter>
    <Filter Include="Shaders">
      <UniqueIdentifier>{add2bcb1-c1d5-41c3-8c5f-3854973917ea}</UniqueIdentifier>
    </Filter>
    <Filter Include="SourceFiles">
      <UniqueIdentifier>{4995a3f2-fa48-4365-aedd-c38026efe3f7}</UniqueIdentifier>
    </Filter>
    <Filter Include="Renderer\Camera">
      <UniqueIdentifier>{8495a375-3af5-407c-bc43-f8bc6a3fff45}</UniqueIdentifier>
    </Filter>
    <Filter Include="Renderer\Common">
      <UniqueIdentifier>{648d1ca9-ac93-4e5a-96f5-8349c6de5c8e}</UniqueIdentifier>
    </Filter>
    <Filter Include="Renderer\Descriptors">
      <UniqueIdentifier>{82a4b54d-1ae1-4bfc-9ec5-60ffa980bcca}</UniqueIdentifier>
    </Filter>
    <Filter Include="Renderer\Descriptors\Types">
      <UniqueIdentifier>{163200b3-fe60-4dcb-b5a5-cf5995b38951}</UniqueIdentifier>
    </Filter>
    <Filter Include="Renderer\Descriptors\Types\UBO">
      <UniqueIdentifier>{368bd7f1-5d79-4895-9cca-672ba3998b84}</UniqueIdentifier>
    </Filter>
    <Filter Include="Renderer\Device">
      <UniqueIdentifier>{946352cd-9681-44ad-ac9a-7acd9cc295e9}</UniqueIdentifier>
    </Filter>
    <Filter Include="Renderer\FrameBuffers">
      <UniqueIdentifier>{05eefc2f-092b-4268-8f19-2046a2d8f2c4}</UniqueIdentifier>
    </Filter>
    <Filter Include="Renderer\Commands">
      <UniqueIdentifier>{a594eed2-fb1e-4ce1-8522-b26e8483d977}</UniqueIdentifier>
    </Filter>
    <Filter Include="Renderer\Pipeline">
      <UniqueIdentifier>{58d840e8-6003-4ba8-9539-88e59fcc2e1d}</UniqueIdentifier>
    </Filter>
    <Filter Include="Renderer\RenderPass">
      <UniqueIdentifier>{44157383-f8cd-45b7-be41-3810eb57d52e}</UniqueIdentifier>
    </Filter>
    <Filter Include="Renderer\Resources">
      <UniqueIdentifier>{e7f8d361-123f-4ae0-9c84-eb7861df0e35}</UniqueIdentifier>
    </Filter>
    <Filter Include="Renderer\Resources\DepthBuffer">
      <UniqueIdentifier>{21b19f82-2b21-49dc-8907-352fb30c0b94}</UniqueIdentifier>
    </Filter>
    <Filter Include="Renderer\Resources\Mesh">
      <UniqueIdentifier>{21279cc2-a927-4c9d-80ee-08fc3b475341}</UniqueIdentifier>
    </Filter>
    <Filter Include="Renderer\Resources\TextureImage">
      <UniqueIdentifier>{21a98a9b-953c-4c85-8415-aa257797c4b5}</UniqueIdentifier>
    </Filter>
    <Filter Include="Renderer\SwapChain">
      <UniqueIdentifier>{937ebe96-2601-47ac-9eec-82fec5ec3a5a}</UniqueIdentifier>
    </Filter>
    <Filter Include="Renderer\SyncObjects">
      <UniqueIdentifier>{11c63417-2662-4c27-9ad9-ca54ead9c6d1}</UniqueIdentifier>
    </Filter>
    <Filter Include="Renderer\WindowManager">
      <UniqueIdentifier>{4eb469f1-78bd-4366-af94-eb0959030fab}</UniqueIdentifier>
    </Filter>
  </ItemGroup>
</Project>