<?xml version="1.0" encoding="utf-8"?>
<Project ToolsVersion="4.0" xmlns="http://schemas.microsoft.com/developer/msbuild/2003">
  <ItemGroup>
    <ClCompile Include="Renderer\Camera\Camera.cpp">
      <Filter>Renderer\Camera</Filter>
    </ClCompile>
    <ClCompile Include="Renderer\WindowManagment\WindowManager.cpp">
      <Filter>Renderer\WindowManager</Filter>
    </ClCompile>
    <ClCompile Include="Renderer\WindowManagment\WindowState.cpp">
      <Filter>Renderer\WindowManager</Filter>
    </ClCompile>
    <ClCompile Include="Renderer\Renderer.cpp">
      <Filter>Renderer</Filter>
    </ClCompile>
    <ClCompile Include="Renderer\Context\RenderContext.cpp">
      <Filter>Renderer\Context</Filter>
    </ClCompile>
    <ClCompile Include="Renderer\Context\FrameContext.cpp">
      <Filter>Renderer\Context</Filter>
    </ClCompile>
    <ClCompile Include="Renderer\Context\EngineContext.cpp">
      <Filter>Renderer\Context</Filter>
    </ClCompile>
    <ClCompile Include="Renderer\Context\ThreadContext.cpp">
      <Filter>Renderer\Context</Filter>
    </ClCompile>
    <ClCompile Include="Renderer\RenderQueue\RenderQueue.cpp">
      <Filter>Renderer\RenderQueue</Filter>
    </ClCompile>
    <ClCompile Include="Renderer\RenderPasses\ForwardPass.cpp">
      <Filter>Renderer\RenderPasses\ForwardPass</Filter>
    </ClCompile>
    <ClCompile Include="Renderer\RenderPasses\ForwardPassInfo.cpp">
      <Filter>Renderer\RenderPasses\ForwardPass</Filter>
    </ClCompile>
    <ClCompile Include="Renderer\RenderPasses\InitPass.cpp">
      <Filter>Renderer\RenderPasses\InitPass</Filter>
    </ClCompile>
    <ClCompile Include="Renderer\RenderPasses\PresentPass.cpp">
      <Filter>Renderer\RenderPasses\PresentPass</Filter>
    </ClCompile>
    <ClCompile Include="Renderer\RenderPasses\ForwardPipelineInfo.cpp">
      <Filter>Renderer\RenderPasses\ForwardPass</Filter>
    </ClCompile>
    <ClCompile Include="Renderer\Containers\Mesh.cpp">
      <Filter>Renderer\Containers\MeshContainer</Filter>
    </ClCompile>
    <ClCompile Include="Renderer\Containers\MeshContainer.cpp">
      <Filter>Renderer\Containers\MeshContainer</Filter>
    </ClCompile>
    <ClCompile Include="Renderer\Containers\VertexDescription.cpp">
      <Filter>Renderer\Containers\MeshContainer</Filter>
    </ClCompile>
    <ClCompile Include="Renderer\Containers\TextureContainer.cpp">
      <Filter>Renderer\Containers\TextureContainer</Filter>
    </ClCompile>
    <ClCompile Include="Renderer\Context\VulkanContext.cpp">
      <Filter>Renderer\Context</Filter>
    </ClCompile>
    <ClCompile Include="Renderer\RenderPasses\GuiPass.cpp">
      <Filter>Renderer\RenderPasses\GuiPass</Filter>
    </ClCompile>
    <ClCompile Include="Renderer\RenderPasses\GuiPassInfo.cpp">
      <Filter>Renderer\RenderPasses\GuiPass</Filter>
    </ClCompile>
    <ClCompile Include="Renderer\Containers\LightContainer.cpp">
      <Filter>Renderer\Containers\LightContainer</Filter>
    </ClCompile>
    <ClCompile Include="Renderer\ResourceManager\ResourceManager.cpp">
      <Filter>Renderer\ResouceManager</Filter>
    </ClCompile>
  </ItemGroup>
  <ItemGroup>
    <ClInclude Include="Renderer\Camera\Camera.hpp">
      <Filter>Renderer\Camera</Filter>
    </ClInclude>
    <ClInclude Include="Renderer\WindowManagment\Controls.hpp">
      <Filter>Renderer\WindowManager</Filter>
    </ClInclude>
    <ClInclude Include="Renderer\WindowManagment\WindowManager.hpp">
      <Filter>Renderer\WindowManager</Filter>
    </ClInclude>
    <ClInclude Include="Renderer\WindowManagment\WindowState.hpp">
      <Filter>Renderer\WindowManager</Filter>
    </ClInclude>
    <ClInclude Include="Renderer\Renderer.hpp">
      <Filter>Renderer</Filter>
    </ClInclude>
    <ClInclude Include="Renderer\Context\RenderContext.hpp">
      <Filter>Renderer\Context</Filter>
    </ClInclude>
    <ClInclude Include="Renderer\Context\FrameContext.hpp">
      <Filter>Renderer\Context</Filter>
    </ClInclude>
    <ClInclude Include="Renderer\Context\EngineContext.hpp">
      <Filter>Renderer\Context</Filter>
    </ClInclude>
    <ClInclude Include="Renderer\Context\ThreadContext.hpp">
      <Filter>Renderer\Context</Filter>
    </ClInclude>
    <ClInclude Include="Renderer\RenderQueue\RenderQueue.hpp">
      <Filter>Renderer\RenderQueue</Filter>
    </ClInclude>
    <ClInclude Include="Renderer\RenderPasses\ForwardPass.hpp">
      <Filter>Renderer\RenderPasses\ForwardPass</Filter>
    </ClInclude>
    <ClInclude Include="Renderer\RenderPasses\ForwardPassInfo.hpp">
      <Filter>Renderer\RenderPasses\ForwardPass</Filter>
    </ClInclude>
    <ClInclude Include="Renderer\RenderPasses\InitPass.hpp">
      <Filter>Renderer\RenderPasses\InitPass</Filter>
    </ClInclude>
    <ClInclude Include="Renderer\RenderPasses\PresentPass.hpp">
      <Filter>Renderer\RenderPasses\PresentPass</Filter>
    </ClInclude>
    <ClInclude Include="Renderer\RenderPasses\ForwardPipelineInfo.hpp">
      <Filter>Renderer\RenderPasses\ForwardPass</Filter>
    </ClInclude>
    <ClInclude Include="Renderer\Containers\Mesh.hpp">
      <Filter>Renderer\Containers\MeshContainer</Filter>
    </ClInclude>
    <ClInclude Include="Renderer\Containers\MeshContainer.hpp">
      <Filter>Renderer\Containers\MeshContainer</Filter>
    </ClInclude>
    <ClInclude Include="Renderer\Containers\VertexDescription.hpp">
      <Filter>Renderer\Containers\MeshContainer</Filter>
    </ClInclude>
    <ClInclude Include="Renderer\Containers\TextureContainer.hpp">
      <Filter>Renderer\Containers\TextureContainer</Filter>
    </ClInclude>
    <ClInclude Include="Renderer\Context\VulkanContext.hpp">
      <Filter>Renderer\Context</Filter>
    </ClInclude>
    <ClInclude Include="Renderer\RenderPasses\GuiPass.hpp">
      <Filter>Renderer\RenderPasses\GuiPass</Filter>
    </ClInclude>
    <ClInclude Include="Renderer\RenderPasses\GuiPassInfo.hpp">
      <Filter>Renderer\RenderPasses\GuiPass</Filter>
    </ClInclude>
    <ClInclude Include="Renderer\RenderPasses\ForwardPassPushConstants.hpp">
      <Filter>Renderer\RenderPasses\ForwardPass</Filter>
    </ClInclude>
    <ClInclude Include="Renderer\Containers\Light.hpp">
      <Filter>Renderer\Containers\LightContainer</Filter>
    </ClInclude>
    <ClInclude Include="Renderer\Containers\LightContainer.hpp">
      <Filter>Renderer\Containers\LightContainer</Filter>
    </ClInclude>
    <ClInclude Include="Renderer\ResourceManager\ResourceManager.hpp">
      <Filter>Renderer\ResouceManager</Filter>
    </ClInclude>
  </ItemGroup>
  <ItemGroup>
    <None Include="ShadersCompiler.bat">
      <Filter>Resource Files</Filter>
    </None>
    <None Include="Shaders\SimpleShader.frag">
      <Filter>Shaders</Filter>
    </None>
    <None Include="Shaders\SimpleShader.vert">
      <Filter>Shaders</Filter>
    </None>
    <None Include="Shaders\GammaCorection.glsli">
      <Filter>Shaders</Filter>
    </None>
    <None Include="Shaders\Lighting.glsli">
      <Filter>Shaders</Filter>
    </None>
    <None Include="Shaders\LightData.glsli">
      <Filter>Shaders</Filter>
    </None>
    <None Include="Shaders\SurfaceData.glsli">
      <Filter>Shaders</Filter>
    </None>
  </ItemGroup>
  <ItemGroup>
    <Filter Include="Renderer">
      <UniqueIdentifier>{c6d15c2a-2efe-4c60-97bf-366c53bbc55d}</UniqueIdentifier>
    </Filter>
    <Filter Include="Resource Files">
      <UniqueIdentifier>{9c12a490-8a7f-4c22-85d7-9d590b6a7c2d}</UniqueIdentifier>
    </Filter>
    <Filter Include="Shaders">
      <UniqueIdentifier>{add2bcb1-c1d5-41c3-8c5f-3854973917ea}</UniqueIdentifier>
    </Filter>
    <Filter Include="Renderer\Camera">
      <UniqueIdentifier>{8495a375-3af5-407c-bc43-f8bc6a3fff45}</UniqueIdentifier>
    </Filter>
    <Filter Include="Renderer\WindowManager">
      <UniqueIdentifier>{4eb469f1-78bd-4366-af94-eb0959030fab}</UniqueIdentifier>
    </Filter>
    <Filter Include="Renderer\RenderPasses">
      <UniqueIdentifier>{db25bbb4-4977-4c2b-97d0-b8532d027ef0}</UniqueIdentifier>
    </Filter>
    <Filter Include="Renderer\Context">
      <UniqueIdentifier>{ce1ce20a-f56d-4c9b-9067-f402b2adb917}</UniqueIdentifier>
    </Filter>
    <Filter Include="Renderer\Containers">
      <UniqueIdentifier>{54791467-0b8e-45f5-961e-cebff47e3b89}</UniqueIdentifier>
    </Filter>
    <Filter Include="Renderer\RenderQueue">
      <UniqueIdentifier>{78d6aad6-0d48-4795-9e3c-77bcdf84b765}</UniqueIdentifier>
    </Filter>
    <Filter Include="Renderer\RenderPasses\ForwardPass">
      <UniqueIdentifier>{3c510977-4d82-4615-bcd6-4c011f924baa}</UniqueIdentifier>
    </Filter>
    <Filter Include="Renderer\RenderPasses\InitPass">
      <UniqueIdentifier>{d8f740f9-2a55-489c-a31e-33dd021a27d0}</UniqueIdentifier>
    </Filter>
    <Filter Include="Renderer\RenderPasses\PresentPass">
      <UniqueIdentifier>{35bdb1a6-fd58-4fce-8901-36e26959ca24}</UniqueIdentifier>
    </Filter>
    <Filter Include="Renderer\Containers\MeshContainer">
      <UniqueIdentifier>{24953777-77dd-46ce-9d22-7683301abc27}</UniqueIdentifier>
    </Filter>
    <Filter Include="Renderer\Containers\TextureContainer">
      <UniqueIdentifier>{0bd65f78-6291-496b-9f8f-208e568fbe0e}</UniqueIdentifier>
    </Filter>
    <Filter Include="Renderer\RenderPasses\GuiPass">
      <UniqueIdentifier>{b4a8cff3-9318-4d50-a093-05ebb8f45a2d}</UniqueIdentifier>
    </Filter>
    <Filter Include="Renderer\Containers\LightContainer">
      <UniqueIdentifier>{545034a6-e1d3-4e66-b104-89b795e59420}</UniqueIdentifier>
    </Filter>
    <Filter Include="Renderer\ResouceManager">
      <UniqueIdentifier>{5b955a6a-953c-45a4-ba94-213ee92cdb94}</UniqueIdentifier>
    </Filter>
  </ItemGroup>
</Project>