<?xml version="1.0" encoding="utf-8"?>
<Project ToolsVersion="4.0" xmlns="http://schemas.microsoft.com/developer/msbuild/2003">
  <ItemGroup>
    <ClCompile Include="Application.cpp">
      <Filter>Application</Filter>
    </ClCompile>
    <ClCompile Include="ContentLoader\TextureLoader.cpp">
      <Filter>ContentLoader</Filter>
    </ClCompile>
    <ClCompile Include="Logger\LogColorized.cpp">
      <Filter>Logger</Filter>
    </ClCompile>
    <ClCompile Include="main.cpp">
      <Filter>SourceFiles</Filter>
    </ClCompile>
    <ClCompile Include="Renderer\Camera\Camera.cpp">
      <Filter>Renderer\Camera</Filter>
    </ClCompile>
    <ClCompile Include="ContentLoader\CommonFunctions.cpp">
      <Filter>ContentLoader</Filter>
    </ClCompile>
    <ClCompile Include="Renderer\WindowManagment\WindowManager.cpp">
      <Filter>Renderer\WindowManager</Filter>
    </ClCompile>
    <ClCompile Include="Renderer\WindowManagment\WindowState.cpp">
      <Filter>Renderer\WindowManager</Filter>
    </ClCompile>
    <ClCompile Include="ECS\EntityManager.cpp">
      <Filter>ECS\Entity</Filter>
    </ClCompile>
    <ClCompile Include="Renderer\Renderer.cpp">
      <Filter>Renderer</Filter>
    </ClCompile>
    <ClCompile Include="Renderer\Context\RenderContext.cpp">
      <Filter>Renderer\Context</Filter>
    </ClCompile>
    <ClCompile Include="Renderer\RenderSchedule\RenderScedule.cpp">
      <Filter>Renderer\RenderScedule</Filter>
    </ClCompile>
    <ClCompile Include="Renderer\RenderPasses\ForwardPass.cpp">
      <Filter>Renderer\RenderPasses</Filter>
    </ClCompile>
    <ClCompile Include="Renderer\RenderPasses\PresentPass.cpp">
      <Filter>Renderer\RenderPasses</Filter>
    </ClCompile>
    <ClCompile Include="Renderer\Wrappeers\Device\Device.cpp">
      <Filter>Renderer\Wrappers\Device</Filter>
    </ClCompile>
    <ClCompile Include="Renderer\Wrappeers\Descriptors\UBO.cpp">
      <Filter>Renderer\Wrappers\Descriptors\Types\UBO</Filter>
    </ClCompile>
    <ClCompile Include="Renderer\Wrappeers\Descriptors\DescriptorSet.cpp">
      <Filter>Renderer\Wrappers\Descriptors</Filter>
    </ClCompile>
    <ClCompile Include="Renderer\Wrappeers\Descriptors\DescriptorSetLayout.cpp">
      <Filter>Renderer\Wrappers\Descriptors</Filter>
    </ClCompile>
    <ClCompile Include="Renderer\Wrappeers\SyncObjects\SyncObjects.cpp">
      <Filter>Renderer\Wrappers\SyncObjects</Filter>
    </ClCompile>
    <ClCompile Include="Renderer\Wrappeers\SwapChain\SwapChain.cpp">
      <Filter>Renderer\Wrappers\SwapChain</Filter>
    </ClCompile>
    <ClCompile Include="Renderer\Wrappeers\RenderPass\RenderPass.cpp">
      <Filter>Renderer\Wrappers\RenderPass</Filter>
    </ClCompile>
    <ClCompile Include="Renderer\Wrappeers\Pipeline\Pipeline.cpp">
      <Filter>Renderer\Wrappers\Pipeline</Filter>
    </ClCompile>
    <ClCompile Include="Renderer\Wrappeers\FrameBuffer\BackBuffers.cpp">
      <Filter>Renderer\Wrappers\FrameBuffers</Filter>
    </ClCompile>
    <ClCompile Include="Renderer\Wrappeers\Commands\CommandBuffer.cpp">
      <Filter>Renderer\Wrappers\Commands</Filter>
    </ClCompile>
    <ClCompile Include="Renderer\Wrappeers\FrameBuffer\FrameBuffer.cpp">
      <Filter>Renderer\Wrappers\FrameBuffers</Filter>
    </ClCompile>
    <ClCompile Include="Renderer\Wrappeers\Resources\DepthBuffer\DepthBuffer.cpp">
      <Filter>Renderer\Wrappers\Resources\DepthBuffer</Filter>
    </ClCompile>
    <ClCompile Include="Renderer\Wrappeers\Resources\TextureImage\TextureImage.cpp">
      <Filter>Renderer\Wrappers\Resources\TextureImage</Filter>
    </ClCompile>
    <ClCompile Include="Renderer\Wrappeers\Resources\TextureImage\TextureSampler.cpp">
      <Filter>Renderer\Wrappers\Resources\TextureImage</Filter>
    </ClCompile>
    <ClCompile Include="Renderer\Wrappeers\Resources\Texture\Texture2D.cpp">
      <Filter>Renderer\Wrappers\Resources\Texture</Filter>
    </ClCompile>
    <ClCompile Include="Renderer\Containers\VertexDescription.cpp">
      <Filter>Renderer\Containers</Filter>
    </ClCompile>
    <ClCompile Include="Renderer\Containers\Mesh.cpp">
      <Filter>Renderer\Containers</Filter>
    </ClCompile>
    <ClCompile Include="Renderer\Containers\MeshContainer.cpp">
      <Filter>Renderer\Containers</Filter>
    </ClCompile>
    <ClCompile Include="Scene\Scene.cpp">
      <Filter>Scene</Filter>
    </ClCompile>
    <ClCompile Include="Scene\SceneSystems\TransformSystem.cpp">
      <Filter>Scene\SceneSystems</Filter>
    </ClCompile>
    <ClCompile Include="Scene\SceneSystems\HierarchySystem.cpp">
      <Filter>Scene\SceneSystems</Filter>
    </ClCompile>
    <ClCompile Include="Scene\SceneSystems\MeshSystem.cpp">
      <Filter>Scene\SceneSystems</Filter>
    </ClCompile>
  </ItemGroup>
  <ItemGroup>
    <ClInclude Include="Application.hpp">
      <Filter>Application</Filter>
    </ClInclude>
    <ClInclude Include="ContentLoader\TextureLoader.hpp">
      <Filter>ContentLoader</Filter>
    </ClInclude>
    <ClInclude Include="Libraries\stb\stb_image.hpp">
      <Filter>ContentLoader\stb</Filter>
    </ClInclude>
    <ClInclude Include="Logger\LogColorized.hpp">
      <Filter>Logger</Filter>
    </ClInclude>
    <ClInclude Include="Logger\Logger.hpp">
      <Filter>Logger</Filter>
    </ClInclude>
    <ClInclude Include="Renderer\Camera\Camera.hpp">
      <Filter>Renderer\Camera</Filter>
    </ClInclude>
    <ClInclude Include="Renderer\Common\EngineDebugBreak.hpp">
      <Filter>Renderer\Common</Filter>
    </ClInclude>
    <ClInclude Include="Renderer\Common\RendererSettings.hpp">
      <Filter>Renderer\Common</Filter>
    </ClInclude>
    <ClInclude Include="ContentLoader\CommonFunctions.hpp">
      <Filter>ContentLoader</Filter>
    </ClInclude>
    <ClInclude Include="Renderer\WindowManagment\Controls.hpp">
      <Filter>Renderer\WindowManager</Filter>
    </ClInclude>
    <ClInclude Include="Renderer\WindowManagment\WindowManager.hpp">
      <Filter>Renderer\WindowManager</Filter>
    </ClInclude>
    <ClInclude Include="Renderer\WindowManagment\WindowState.hpp">
      <Filter>Renderer\WindowManager</Filter>
    </ClInclude>
    <ClInclude Include="ECS\Entity.h">
      <Filter>ECS\Entity</Filter>
    </ClInclude>
    <ClInclude Include="ECS\EntityManager.h">
      <Filter>ECS\Entity</Filter>
    </ClInclude>
    <ClInclude Include="ECS\ComponentArray.h">
      <Filter>ECS\Component</Filter>
    </ClInclude>
    <ClInclude Include="ECS\ComponentManager.h">
      <Filter>ECS\Component</Filter>
    </ClInclude>
    <ClInclude Include="ECS\System.h">
      <Filter>ECS\System</Filter>
    </ClInclude>
    <ClInclude Include="ECS\SystemManager.h">
      <Filter>ECS\System</Filter>
    </ClInclude>
    <ClInclude Include="ECS\Coordinator.h">
      <Filter>ECS</Filter>
    </ClInclude>
    <ClInclude Include="Renderer\Renderer.hpp">
      <Filter>Renderer</Filter>
    </ClInclude>
    <ClInclude Include="Renderer\RenderPasses\BaseRenderPass.hpp">
      <Filter>Renderer\RenderPasses</Filter>
    </ClInclude>
    <ClInclude Include="Renderer\Context\RenderContext.hpp">
      <Filter>Renderer\Context</Filter>
    </ClInclude>
    <ClInclude Include="Renderer\RenderSchedule\RenderScedule.hpp">
      <Filter>Renderer\RenderScedule</Filter>
    </ClInclude>
    <ClInclude Include="Renderer\RenderPasses\ForwardPass.hpp">
      <Filter>Renderer\RenderPasses</Filter>
    </ClInclude>
    <ClInclude Include="Renderer\RenderPasses\PresentPass.hpp">
      <Filter>Renderer\RenderPasses</Filter>
    </ClInclude>
    <ClInclude Include="Renderer\Wrappeers\Device\Device.hpp">
      <Filter>Renderer\Wrappers\Device</Filter>
    </ClInclude>
    <ClInclude Include="Renderer\Wrappeers\Descriptors\UBO.hpp">
      <Filter>Renderer\Wrappers\Descriptors\Types\UBO</Filter>
    </ClInclude>
    <ClInclude Include="Renderer\Wrappeers\Descriptors\UBOInfo.hpp">
      <Filter>Renderer\Wrappers\Descriptors\Types\UBO</Filter>
    </ClInclude>
    <ClInclude Include="Renderer\Wrappeers\Descriptors\DescriptorSet.hpp">
      <Filter>Renderer\Wrappers\Descriptors</Filter>
    </ClInclude>
    <ClInclude Include="Renderer\Wrappeers\Descriptors\DescriptorSetLayout.hpp">
      <Filter>Renderer\Wrappers\Descriptors</Filter>
    </ClInclude>
    <ClInclude Include="Renderer\Wrappeers\SyncObjects\SyncObjects.hpp">
      <Filter>Renderer\Wrappers\SyncObjects</Filter>
    </ClInclude>
    <ClInclude Include="Renderer\Wrappeers\SwapChain\SwapChain.hpp">
      <Filter>Renderer\Wrappers\SwapChain</Filter>
    </ClInclude>
    <ClInclude Include="Renderer\Wrappeers\RenderPass\RenderPass.hpp">
      <Filter>Renderer\Wrappers\RenderPass</Filter>
    </ClInclude>
    <ClInclude Include="Renderer\Wrappeers\Pipeline\Pipeline.hpp">
      <Filter>Renderer\Wrappers\Pipeline</Filter>
    </ClInclude>
    <ClInclude Include="Renderer\Wrappeers\FrameBuffer\BackBuffers.hpp">
      <Filter>Renderer\Wrappers\FrameBuffers</Filter>
    </ClInclude>
    <ClInclude Include="Renderer\Wrappeers\Commands\CommandBuffer.hpp">
      <Filter>Renderer\Wrappers\Commands</Filter>
    </ClInclude>
    <ClInclude Include="Renderer\Wrappeers\FrameBuffer\FrameBuffer.hpp">
      <Filter>Renderer\Wrappers\FrameBuffers</Filter>
    </ClInclude>
    <ClInclude Include="Renderer\Wrappeers\Resources\DepthBuffer\DepthBuffer.hpp">
      <Filter>Renderer\Wrappers\Resources\DepthBuffer</Filter>
    </ClInclude>
    <ClInclude Include="Renderer\Wrappeers\Resources\TextureImage\TextureImage.hpp">
      <Filter>Renderer\Wrappers\Resources\TextureImage</Filter>
    </ClInclude>
    <ClInclude Include="Renderer\Wrappeers\Resources\TextureImage\TextureSampler.hpp">
      <Filter>Renderer\Wrappers\Resources\TextureImage</Filter>
    </ClInclude>
    <ClInclude Include="Renderer\Wrappeers\Resources\Texture\Texture2D.hpp">
      <Filter>Renderer\Wrappers\Resources\Texture</Filter>
    </ClInclude>
    <ClInclude Include="Renderer\Containers\VertexDescription.hpp">
      <Filter>Renderer\Containers</Filter>
    </ClInclude>
    <ClInclude Include="Renderer\Containers\Mesh.hpp">
      <Filter>Renderer\Containers</Filter>
    </ClInclude>
    <ClInclude Include="Renderer\Containers\MeshContainer.hpp">
      <Filter>Renderer\Containers</Filter>
    </ClInclude>
    <ClInclude Include="Scene\Scene.hpp">
      <Filter>Scene</Filter>
    </ClInclude>
    <ClInclude Include="Scene\SceneComponents\TransformComponent.hpp">
      <Filter>Scene\SceneComponents</Filter>
    </ClInclude>
    <ClInclude Include="Scene\SceneSystems\TransformSystem.hpp">
      <Filter>Scene\SceneSystems</Filter>
    </ClInclude>
    <ClInclude Include="Scene\SceneComponents\HierarchyComponent.hpp">
      <Filter>Scene\SceneComponents</Filter>
    </ClInclude>
    <ClInclude Include="Scene\SceneSystems\HierarchySystem.hpp">
      <Filter>Scene\SceneSystems</Filter>
    </ClInclude>
    <ClInclude Include="Scene\SceneComponents\MeshComponent.hpp">
      <Filter>Scene\SceneComponents</Filter>
    </ClInclude>
    <ClInclude Include="Scene\SceneSystems\MeshSystem.hpp">
      <Filter>Scene\SceneSystems</Filter>
    </ClInclude>
  </ItemGroup>
  <ItemGroup>
    <None Include="ShadersCompiler.bat">
      <Filter>Resource Files</Filter>
    </None>
    <None Include="Shaders\SimpleShader.frag">
      <Filter>Shaders</Filter>
    </None>
    <None Include="Shaders\SimpleShader.vert">
      <Filter>Shaders</Filter>
    </None>
  </ItemGroup>
  <ItemGroup>
    <Filter Include="Application">
      <UniqueIdentifier>{7a7a7411-a85a-42a7-9c77-6df39233ec5e}</UniqueIdentifier>
    </Filter>
    <Filter Include="ContentLoader">
      <UniqueIdentifier>{1288b47a-ea47-49b5-a2f8-04772cca3ff5}</UniqueIdentifier>
    </Filter>
    <Filter Include="ContentLoader\stb">
      <UniqueIdentifier>{6f7a25fb-cfe0-4d19-8a6c-8b670c1cab42}</UniqueIdentifier>
    </Filter>
    <Filter Include="Logger">
      <UniqueIdentifier>{6a95c0fe-9b1c-44e2-9900-721c2dc01b7f}</UniqueIdentifier>
    </Filter>
    <Filter Include="Renderer">
      <UniqueIdentifier>{c6d15c2a-2efe-4c60-97bf-366c53bbc55d}</UniqueIdentifier>
    </Filter>
    <Filter Include="Resource Files">
      <UniqueIdentifier>{9c12a490-8a7f-4c22-85d7-9d590b6a7c2d}</UniqueIdentifier>
    </Filter>
    <Filter Include="Shaders">
      <UniqueIdentifier>{add2bcb1-c1d5-41c3-8c5f-3854973917ea}</UniqueIdentifier>
    </Filter>
    <Filter Include="SourceFiles">
      <UniqueIdentifier>{4995a3f2-fa48-4365-aedd-c38026efe3f7}</UniqueIdentifier>
    </Filter>
    <Filter Include="Renderer\Camera">
      <UniqueIdentifier>{8495a375-3af5-407c-bc43-f8bc6a3fff45}</UniqueIdentifier>
    </Filter>
    <Filter Include="Renderer\Common">
      <UniqueIdentifier>{648d1ca9-ac93-4e5a-96f5-8349c6de5c8e}</UniqueIdentifier>
    </Filter>
    <Filter Include="Renderer\WindowManager">
      <UniqueIdentifier>{4eb469f1-78bd-4366-af94-eb0959030fab}</UniqueIdentifier>
    </Filter>
    <Filter Include="ECS">
      <UniqueIdentifier>{8ad25b6a-f52a-445c-9636-4d72f28aca70}</UniqueIdentifier>
    </Filter>
    <Filter Include="ECS\Entity">
      <UniqueIdentifier>{9dfdb32e-31da-451f-a62d-35e01646f476}</UniqueIdentifier>
    </Filter>
    <Filter Include="ECS\Component">
      <UniqueIdentifier>{d210ff3a-2bee-476c-a410-3a85ba877ef7}</UniqueIdentifier>
    </Filter>
    <Filter Include="ECS\System">
      <UniqueIdentifier>{51879ec0-60c9-4f94-b9f4-fd0c5e3b1701}</UniqueIdentifier>
    </Filter>
    <Filter Include="Renderer\RenderPasses">
      <UniqueIdentifier>{db25bbb4-4977-4c2b-97d0-b8532d027ef0}</UniqueIdentifier>
    </Filter>
    <Filter Include="Renderer\Context">
      <UniqueIdentifier>{ce1ce20a-f56d-4c9b-9067-f402b2adb917}</UniqueIdentifier>
    </Filter>
    <Filter Include="Renderer\RenderScedule">
      <UniqueIdentifier>{78d6aad6-0d48-4795-9e3c-77bcdf84b765}</UniqueIdentifier>
    </Filter>
    <Filter Include="Renderer\Wrappers">
      <UniqueIdentifier>{24498bd2-eaee-4a20-b4fd-71b931b00345}</UniqueIdentifier>
    </Filter>
    <Filter Include="Renderer\Wrappers\Commands">
      <UniqueIdentifier>{a594eed2-fb1e-4ce1-8522-b26e8483d977}</UniqueIdentifier>
    </Filter>
    <Filter Include="Renderer\Wrappers\Descriptors">
      <UniqueIdentifier>{82a4b54d-1ae1-4bfc-9ec5-60ffa980bcca}</UniqueIdentifier>
    </Filter>
    <Filter Include="Renderer\Wrappers\Descriptors\Types">
      <UniqueIdentifier>{163200b3-fe60-4dcb-b5a5-cf5995b38951}</UniqueIdentifier>
    </Filter>
    <Filter Include="Renderer\Wrappers\Descriptors\Types\UBO">
      <UniqueIdentifier>{368bd7f1-5d79-4895-9cca-672ba3998b84}</UniqueIdentifier>
    </Filter>
    <Filter Include="Renderer\Wrappers\Device">
      <UniqueIdentifier>{946352cd-9681-44ad-ac9a-7acd9cc295e9}</UniqueIdentifier>
    </Filter>
    <Filter Include="Renderer\Wrappers\FrameBuffers">
      <UniqueIdentifier>{05eefc2f-092b-4268-8f19-2046a2d8f2c4}</UniqueIdentifier>
    </Filter>
    <Filter Include="Renderer\Wrappers\Pipeline">
      <UniqueIdentifier>{58d840e8-6003-4ba8-9539-88e59fcc2e1d}</UniqueIdentifier>
    </Filter>
    <Filter Include="Renderer\Wrappers\RenderPass">
      <UniqueIdentifier>{44157383-f8cd-45b7-be41-3810eb57d52e}</UniqueIdentifier>
    </Filter>
    <Filter Include="Renderer\Wrappers\SwapChain">
      <UniqueIdentifier>{937ebe96-2601-47ac-9eec-82fec5ec3a5a}</UniqueIdentifier>
    </Filter>
    <Filter Include="Renderer\Wrappers\SyncObjects">
      <UniqueIdentifier>{11c63417-2662-4c27-9ad9-ca54ead9c6d1}</UniqueIdentifier>
    </Filter>
    <Filter Include="Renderer\Wrappers\Resources">
      <UniqueIdentifier>{e7f8d361-123f-4ae0-9c84-eb7861df0e35}</UniqueIdentifier>
    </Filter>
    <Filter Include="Renderer\Wrappers\Resources\DepthBuffer">
      <UniqueIdentifier>{21b19f82-2b21-49dc-8907-352fb30c0b94}</UniqueIdentifier>
    </Filter>
    <Filter Include="Renderer\Wrappers\Resources\TextureImage">
      <UniqueIdentifier>{21a98a9b-953c-4c85-8415-aa257797c4b5}</UniqueIdentifier>
    </Filter>
    <Filter Include="Renderer\Wrappers\Resources\Texture">
      <UniqueIdentifier>{c4c369da-26ec-4a01-865d-36fa7c34c20f}</UniqueIdentifier>
    </Filter>
    <Filter Include="Renderer\Containers">
      <UniqueIdentifier>{54791467-0b8e-45f5-961e-cebff47e3b89}</UniqueIdentifier>
    </Filter>
    <Filter Include="Scene">
      <UniqueIdentifier>{28172bfe-f0ce-47c3-8afd-92e6458e9486}</UniqueIdentifier>
    </Filter>
    <Filter Include="Scene\SceneComponents">
      <UniqueIdentifier>{8389148c-9fc8-44f1-a916-7608ab045b35}</UniqueIdentifier>
    </Filter>
    <Filter Include="Scene\SceneSystems">
      <UniqueIdentifier>{a0766458-cc6a-4de4-b3bc-4cb85fd6abb1}</UniqueIdentifier>
    </Filter>
  </ItemGroup>
</Project>