<?xml version="1.0" encoding="utf-8"?>
<Project ToolsVersion="4.0" xmlns="http://schemas.microsoft.com/developer/msbuild/2003">
  <ItemGroup>
    <Filter Include="WindowsManager">
      <UniqueIdentifier>{93995380-89BD-4b04-88EB-625FBE52EBFB}</UniqueIdentifier>
      <Extensions>h;hh;hpp;hxx;h++;hm;inl;inc;ipp;xsd</Extensions>
    </Filter>
    <Filter Include="VulkanWrappers">
      <UniqueIdentifier>{4FC737F1-C7A5-4376-A066-2A32D752A2FF}</UniqueIdentifier>
      <Extensions>cpp;c;cc;cxx;c++;cppm;ixx;def;odl;idl;hpj;bat;asm;asmx</Extensions>
    </Filter>
    <Filter Include="VulkanWrappers\Commands">
      <UniqueIdentifier>{741ffdab-6795-46ff-89d3-fab6df075618}</UniqueIdentifier>
    </Filter>
    <Filter Include="VulkanWrappers\Descriptors">
      <UniqueIdentifier>{54ad872d-af19-4cf9-8493-4736de067307}</UniqueIdentifier>
    </Filter>
    <Filter Include="VulkanWrappers\Descriptors\UBO">
      <UniqueIdentifier>{aaa1f7dd-b151-473c-9c36-2e9c76d535f7}</UniqueIdentifier>
    </Filter>
    <Filter Include="VulkanWrappers\Device">
      <UniqueIdentifier>{435ec68a-6b67-4606-b01c-882e990ddb20}</UniqueIdentifier>
    </Filter>
    <Filter Include="VulkanWrappers\FrameBuffers">
      <UniqueIdentifier>{64740f55-4d8c-490b-b242-3c72cb4a8df9}</UniqueIdentifier>
    </Filter>
    <Filter Include="VulkanWrappers\Pipeline">
      <UniqueIdentifier>{0743372a-6e96-468e-b6f5-1e5d58dddac2}</UniqueIdentifier>
    </Filter>
    <Filter Include="VulkanWrappers\RenderPass">
      <UniqueIdentifier>{8c72f804-0f8f-4d82-8ae7-bd6d9f9729e7}</UniqueIdentifier>
    </Filter>
    <Filter Include="VulkanWrappers\SyncObjects">
      <UniqueIdentifier>{e39b9526-a120-4325-8234-289db9b969eb}</UniqueIdentifier>
    </Filter>
    <Filter Include="VulkanWrappers\SwapChain">
      <UniqueIdentifier>{09cf9d00-175b-4ac4-ac14-b0bcea5ce66f}</UniqueIdentifier>
    </Filter>
    <Filter Include="VulkanWrappers\Shaders">
      <UniqueIdentifier>{1d8953a8-66a1-4724-8a17-689a222310ed}</UniqueIdentifier>
    </Filter>
    <Filter Include="VulkanWrappers\Resources">
      <UniqueIdentifier>{9c3c8d96-3799-4fc7-8cdb-f8faf559a82e}</UniqueIdentifier>
    </Filter>
    <Filter Include="VulkanWrappers\Resources\Buffer">
      <UniqueIdentifier>{f5bf1b96-ac92-4fb6-9156-706c4b510570}</UniqueIdentifier>
    </Filter>
    <Filter Include="VulkanWrappers\Resources\Image">
      <UniqueIdentifier>{9510a485-0708-4d4f-9551-f260175038b6}</UniqueIdentifier>
    </Filter>
    <Filter Include="VulkanWrappers\Resources\Sampler">
      <UniqueIdentifier>{ed0a9854-f5d4-4868-a16a-2aecf7e2e9d6}</UniqueIdentifier>
    </Filter>
  </ItemGroup>
  <ItemGroup>
    <ClInclude Include="WindowManagment\Controls.hpp">
      <Filter>WindowsManager</Filter>
    </ClInclude>
    <ClInclude Include="WindowManagment\WindowManager.hpp">
      <Filter>WindowsManager</Filter>
    </ClInclude>
    <ClInclude Include="WindowManagment\WindowState.hpp">
      <Filter>WindowsManager</Filter>
    </ClInclude>
    <ClInclude Include="VulkanWrappers\Commands\CommandBuffer.hpp">
      <Filter>VulkanWrappers\Commands</Filter>
    </ClInclude>
    <ClInclude Include="VulkanWrappers\Descriptors\UBO.hpp">
      <Filter>VulkanWrappers\Descriptors\UBO</Filter>
    </ClInclude>
    <ClInclude Include="VulkanWrappers\Descriptors\DescriptorAllocator.hpp">
      <Filter>VulkanWrappers\Descriptors</Filter>
    </ClInclude>
    <ClInclude Include="VulkanWrappers\Descriptors\DescriptorInfo.hpp">
      <Filter>VulkanWrappers\Descriptors</Filter>
    </ClInclude>
    <ClInclude Include="VulkanWrappers\Descriptors\DescriptorLayoutBuilder.hpp">
      <Filter>VulkanWrappers\Descriptors</Filter>
    </ClInclude>
    <ClInclude Include="VulkanWrappers\Descriptors\DescriptorSet.hpp">
      <Filter>VulkanWrappers\Descriptors</Filter>
    </ClInclude>
    <ClInclude Include="VulkanWrappers\Descriptors\DescriptorSetLayout.hpp">
      <Filter>VulkanWrappers\Descriptors</Filter>
    </ClInclude>
    <ClInclude Include="VulkanWrappers\Device\Device.hpp">
      <Filter>VulkanWrappers\Device</Filter>
    </ClInclude>
    <ClInclude Include="VulkanWrappers\FrameBuffer\FrameBuffer.hpp">
      <Filter>VulkanWrappers\FrameBuffers</Filter>
    </ClInclude>
    <ClInclude Include="VulkanWrappers\Pipeline\PipelineInfo.hpp">
      <Filter>VulkanWrappers\Pipeline</Filter>
    </ClInclude>
    <ClInclude Include="VulkanWrappers\Pipeline\Pipeline.hpp">
      <Filter>VulkanWrappers\Pipeline</Filter>
    </ClInclude>
    <ClInclude Include="VulkanWrappers\RenderPass\RenderPass.hpp">
      <Filter>VulkanWrappers\RenderPass</Filter>
    </ClInclude>
    <ClInclude Include="VulkanWrappers\SyncObjects\SyncObject.hpp">
      <Filter>VulkanWrappers\SyncObjects</Filter>
    </ClInclude>
    <ClInclude Include="VulkanWrappers\SwapChain\SwapChain.hpp">
      <Filter>VulkanWrappers\SwapChain</Filter>
    </ClInclude>
    <ClInclude Include="VulkanWrappers\Shaders\FragmentShader.hpp">
      <Filter>VulkanWrappers\Shaders</Filter>
    </ClInclude>
    <ClInclude Include="VulkanWrappers\Shaders\Shader.hpp">
      <Filter>VulkanWrappers\Shaders</Filter>
    </ClInclude>
    <ClInclude Include="VulkanWrappers\Shaders\VertexShader.hpp">
      <Filter>VulkanWrappers\Shaders</Filter>
    </ClInclude>
    <ClInclude Include="VulkanWrappers\Resources\Buffer\Buffer.hpp">
      <Filter>VulkanWrappers\Resources\Buffer</Filter>
    </ClInclude>
    <ClInclude Include="VulkanWrappers\Resources\Image\Image.hpp">
      <Filter>VulkanWrappers\Resources\Image</Filter>
    </ClInclude>
    <ClInclude Include="VulkanWrappers\Resources\Sampler\Sampler.hpp">
      <Filter>VulkanWrappers\Resources\Sampler</Filter>
    </ClInclude>
  </ItemGroup>
  <ItemGroup>
    <ClCompile Include="WindowManagment\WindowManager.cpp">
      <Filter>WindowsManager</Filter>
    </ClCompile>
    <ClCompile Include="WindowManagment\WindowState.cpp">
      <Filter>WindowsManager</Filter>
    </ClCompile>
    <ClCompile Include="VulkanWrappers\Commands\CommandBuffer.cpp">
      <Filter>VulkanWrappers\Commands</Filter>
    </ClCompile>
    <ClCompile Include="VulkanWrappers\Descriptors\DescriptorAllocator.cpp">
      <Filter>VulkanWrappers\Descriptors</Filter>
    </ClCompile>
    <ClCompile Include="VulkanWrappers\Descriptors\DescriptorLayoutBuilder.cpp">
      <Filter>VulkanWrappers\Descriptors</Filter>
    </ClCompile>
    <ClCompile Include="VulkanWrappers\Descriptors\DescriptorSet.cpp">
      <Filter>VulkanWrappers\Descriptors</Filter>
    </ClCompile>
    <ClCompile Include="VulkanWrappers\Descriptors\DescriptorSetLayout.cpp">
      <Filter>VulkanWrappers\Descriptors</Filter>
    </ClCompile>
    <ClCompile Include="VulkanWrappers\Device\Device.cpp">
      <Filter>VulkanWrappers\Device</Filter>
    </ClCompile>
    <ClCompile Include="VulkanWrappers\FrameBuffer\FrameBuffer.cpp">
      <Filter>VulkanWrappers\FrameBuffers</Filter>
    </ClCompile>
    <ClCompile Include="VulkanWrappers\Pipeline\Pipeline.cpp">
      <Filter>VulkanWrappers\Pipeline</Filter>
    </ClCompile>
    <ClCompile Include="VulkanWrappers\RenderPass\RenderPass.cpp">
      <Filter>VulkanWrappers\RenderPass</Filter>
    </ClCompile>
    <ClCompile Include="VulkanWrappers\SyncObjects\SyncObject.cpp">
      <Filter>VulkanWrappers\SyncObjects</Filter>
    </ClCompile>
    <ClCompile Include="VulkanWrappers\SwapChain\SwapChain.cpp">
      <Filter>VulkanWrappers\SwapChain</Filter>
    </ClCompile>
    <ClCompile Include="VulkanWrappers\Shaders\FragmentShader.cpp">
      <Filter>VulkanWrappers\Shaders</Filter>
    </ClCompile>
    <ClCompile Include="VulkanWrappers\Shaders\Shader.cpp">
      <Filter>VulkanWrappers\Shaders</Filter>
    </ClCompile>
    <ClCompile Include="VulkanWrappers\Shaders\VertexShader.cpp">
      <Filter>VulkanWrappers\Shaders</Filter>
    </ClCompile>
    <ClCompile Include="VulkanWrappers\Resources\Buffer\Buffer.cpp">
      <Filter>VulkanWrappers\Resources\Buffer</Filter>
    </ClCompile>
    <ClCompile Include="VulkanWrappers\Resources\Image\Image.cpp">
      <Filter>VulkanWrappers\Resources\Image</Filter>
    </ClCompile>
    <ClCompile Include="VulkanWrappers\Resources\Sampler\Sampler.cpp">
      <Filter>VulkanWrappers\Resources\Sampler</Filter>
    </ClCompile>
  </ItemGroup>
</Project>