<?xml version="1.0" encoding="utf-8"?>
<Project ToolsVersion="4.0" xmlns="http://schemas.microsoft.com/developer/msbuild/2003">
  <ItemGroup>
    <Filter Include="Resource Files">
      <UniqueIdentifier>{67DA6AB6-F800-4c08-8B7A-83BB121AAD01}</UniqueIdentifier>
      <Extensions>rc;ico;cur;bmp;dlg;rc2;rct;bin;rgs;gif;jpg;jpeg;jpe;resx;tiff;tif;png;wav;mfcribbon-ms</Extensions>
    </Filter>
    <Filter Include="Core">
      <UniqueIdentifier>{899aec0e-cd14-4d43-a655-05c06dfd4060}</UniqueIdentifier>
    </Filter>
    <Filter Include="BackEnd">
      <UniqueIdentifier>{78ab6a5b-c172-4e6b-b3f4-328acddf5cec}</UniqueIdentifier>
    </Filter>
  </ItemGroup>
  <ItemGroup>
    <ClCompile Include="imgui_impl_glfw.cpp">
      <Filter>BackEnd</Filter>
    </ClCompile>
    <ClCompile Include="imgui_impl_vulkan.cpp">
      <Filter>BackEnd</Filter>
    </ClCompile>
    <ClCompile Include="imgui.cpp">
      <Filter>Core</Filter>
    </ClCompile>
    <ClCompile Include="imgui_demo.cpp">
      <Filter>Core</Filter>
    </ClCompile>
    <ClCompile Include="imgui_draw.cpp">
      <Filter>Core</Filter>
    </ClCompile>
    <ClCompile Include="imgui_tables.cpp">
      <Filter>Core</Filter>
    </ClCompile>
    <ClCompile Include="imgui_widgets.cpp">
      <Filter>Core</Filter>
    </ClCompile>
  </ItemGroup>
  <ItemGroup>
    <ClInclude Include="imgui_impl_glfw.h">
      <Filter>BackEnd</Filter>
    </ClInclude>
    <ClInclude Include="imgui_impl_vulkan.h">
      <Filter>BackEnd</Filter>
    </ClInclude>
    <ClInclude Include="imconfig.h">
      <Filter>Core</Filter>
    </ClInclude>
    <ClInclude Include="imgui.h">
      <Filter>Core</Filter>
    </ClInclude>
    <ClInclude Include="imgui_internal.h">
      <Filter>Core</Filter>
    </ClInclude>
    <ClInclude Include="imstb_rectpack.h">
      <Filter>Core</Filter>
    </ClInclude>
    <ClInclude Include="imstb_textedit.h">
      <Filter>Core</Filter>
    </ClInclude>
    <ClInclude Include="imstb_truetype.h">
      <Filter>Core</Filter>
    </ClInclude>
  </ItemGroup>
</Project>