<?xml version="1.0" encoding="utf-8"?>
<Project ToolsVersion="4.0" xmlns="http://schemas.microsoft.com/developer/msbuild/2003">
  <ItemGroup>
    <Filter Include="SceneComponents">
      <UniqueIdentifier>{93995380-89BD-4b04-88EB-625FBE52EBFB}</UniqueIdentifier>
      <Extensions>h;hh;hpp;hxx;h++;hm;inl;inc;ipp;xsd</Extensions>
    </Filter>
    <Filter Include="SceneSystems">
      <UniqueIdentifier>{67DA6AB6-F800-4c08-8B7A-83BB121AAD01}</UniqueIdentifier>
      <Extensions>rc;ico;cur;bmp;dlg;rc2;rct;bin;rgs;gif;jpg;jpeg;jpe;resx;tiff;tif;png;wav;mfcribbon-ms</Extensions>
    </Filter>
    <Filter Include="Scene">
      <UniqueIdentifier>{4FC737F1-C7A5-4376-A066-2A32D752A2FF}</UniqueIdentifier>
      <Extensions>cpp;c;cc;cxx;c++;cppm;ixx;def;odl;idl;hpj;bat;asm;asmx</Extensions>
    </Filter>
  </ItemGroup>
  <ItemGroup>
    <ClInclude Include="SceneComponents\HierarchyComponent.hpp">
      <Filter>SceneComponents</Filter>
    </ClInclude>
    <ClInclude Include="SceneComponents\LightComponent.hpp">
      <Filter>SceneComponents</Filter>
    </ClInclude>
    <ClInclude Include="SceneComponents\MeshComponent.hpp">
      <Filter>SceneComponents</Filter>
    </ClInclude>
    <ClInclude Include="SceneComponents\TransformComponent.hpp">
      <Filter>SceneComponents</Filter>
    </ClInclude>
    <ClInclude Include="SceneSystems\HierarchySystem.hpp">
      <Filter>SceneSystems</Filter>
    </ClInclude>
    <ClInclude Include="SceneSystems\LightSystem.hpp">
      <Filter>SceneSystems</Filter>
    </ClInclude>
    <ClInclude Include="SceneSystems\MeshSystem.hpp">
      <Filter>SceneSystems</Filter>
    </ClInclude>
    <ClInclude Include="SceneSystems\TransformSystem.hpp">
      <Filter>SceneSystems</Filter>
    </ClInclude>
    <ClInclude Include="Scene.hpp">
      <Filter>Scene</Filter>
    </ClInclude>
    <ClInclude Include="SceneSerializer.hpp">
      <Filter>Scene</Filter>
    </ClInclude>
    <ClInclude Include="SceneComponents\RenderComponent.hpp">
      <Filter>SceneComponents</Filter>
    </ClInclude>
    <ClInclude Include="SceneSystems\RenderSystem.hpp">
      <Filter>SceneSystems</Filter>
    </ClInclude>
  </ItemGroup>
  <ItemGroup>
    <ClCompile Include="SceneSystems\HierarchySystem.cpp">
      <Filter>SceneSystems</Filter>
    </ClCompile>
    <ClCompile Include="SceneSystems\LightSystem.cpp">
      <Filter>SceneSystems</Filter>
    </ClCompile>
    <ClCompile Include="SceneSystems\MeshSystem.cpp">
      <Filter>SceneSystems</Filter>
    </ClCompile>
    <ClCompile Include="SceneSystems\TransformSystem.cpp">
      <Filter>SceneSystems</Filter>
    </ClCompile>
    <ClCompile Include="Scene.cpp">
      <Filter>Scene</Filter>
    </ClCompile>
    <ClCompile Include="SceneSerializer.cpp">
      <Filter>Scene</Filter>
    </ClCompile>
    <ClCompile Include="SceneSystems\RenderSystem.cpp">
      <Filter>SceneSystems</Filter>
    </ClCompile>
  </ItemGroup>
</Project>